// !$*UTF8*$!
{
	archiveVersion = 1;
	classes = {
	};
	objectVersion = 46;
	objects = {

/* Begin PBXBuildFile section */
		15018DDE186E838000DC8A51 /* PublishActivityViewController.m in Sources */ = {isa = PBXBuildFile; fileRef = 15018DDD186E838000DC8A51 /* PublishActivityViewController.m */; };
		1505C4E81863277F00AB7457 /* checked.png in Resources */ = {isa = PBXBuildFile; fileRef = 1505C4E41863277F00AB7457 /* checked.png */; };
		1505C4E91863277F00AB7457 /* checked@2x.png in Resources */ = {isa = PBXBuildFile; fileRef = 1505C4E51863277F00AB7457 /* checked@2x.png */; };
		1505C4EA1863277F00AB7457 /* unchecked.png in Resources */ = {isa = PBXBuildFile; fileRef = 1505C4E61863277F00AB7457 /* unchecked.png */; };
		1505C4EB1863277F00AB7457 /* unchecked@2x.png in Resources */ = {isa = PBXBuildFile; fileRef = 1505C4E71863277F00AB7457 /* unchecked@2x.png */; };
		1508C3A8185F251600AB6AE7 /* loadImage@2x.png in Resources */ = {isa = PBXBuildFile; fileRef = 1508C3A7185F251600AB6AE7 /* loadImage@2x.png */; };
		1508D0E81869B20A0051A9E8 /* CoreLocation.framework in Frameworks */ = {isa = PBXBuildFile; fileRef = 1508D0E71869B20A0051A9E8 /* CoreLocation.framework */; };
		1508D0EB1869B2C00051A9E8 /* LocationHelper.mm in Sources */ = {isa = PBXBuildFile; fileRef = 1508D0EA1869B2C00051A9E8 /* LocationHelper.mm */; };
		1508D0ED1869BACC0051A9E8 /* MapKit.framework in Frameworks */ = {isa = PBXBuildFile; fileRef = 1508D0EC1869BACC0051A9E8 /* MapKit.framework */; };
		1509FEED18780D0A00F27A3C /* SaleDetailViewController.m in Sources */ = {isa = PBXBuildFile; fileRef = 1509FEEC18780D0A00F27A3C /* SaleDetailViewController.m */; };
		150A3F65187D67B200AA74D6 /* vad_icon_location.png in Resources */ = {isa = PBXBuildFile; fileRef = 150A3F63187D67B200AA74D6 /* vad_icon_location.png */; };
		150A3F66187D67B200AA74D6 /* vad_icon_price.png in Resources */ = {isa = PBXBuildFile; fileRef = 150A3F64187D67B200AA74D6 /* vad_icon_price.png */; };
		150A3F68187D684B00AA74D6 /* icon_sms.png in Resources */ = {isa = PBXBuildFile; fileRef = 150A3F67187D684B00AA74D6 /* icon_sms.png */; };
		150A3F6A187D6A6200AA74D6 /* copy_phone_num.png in Resources */ = {isa = PBXBuildFile; fileRef = 150A3F69187D6A6200AA74D6 /* copy_phone_num.png */; };
		151C945D186596C1003634B1 /* GTMBase64.m in Sources */ = {isa = PBXBuildFile; fileRef = 151C944F186596C1003634B1 /* GTMBase64.m */; settings = {COMPILER_FLAGS = "-fno-objc-arc"; }; };
		151C945F186596C1003634B1 /* JSONKit.m in Sources */ = {isa = PBXBuildFile; fileRef = 151C9454186596C1003634B1 /* JSONKit.m */; settings = {COMPILER_FLAGS = "-fno-objc-arc"; }; };
		151C9461186596C1003634B1 /* QiniuPutExtra.m in Sources */ = {isa = PBXBuildFile; fileRef = 151C9457186596C1003634B1 /* QiniuPutExtra.m */; settings = {COMPILER_FLAGS = "-fno-objc-arc"; }; };
		151C9462186596C1003634B1 /* QiniuSimpleUploader.m in Sources */ = {isa = PBXBuildFile; fileRef = 151C9459186596C1003634B1 /* QiniuSimpleUploader.m */; settings = {COMPILER_FLAGS = "-fno-objc-arc"; }; };
		151C9463186596C1003634B1 /* QiniuUtils.m in Sources */ = {isa = PBXBuildFile; fileRef = 151C945C186596C1003634B1 /* QiniuUtils.m */; settings = {COMPILER_FLAGS = "-fno-objc-arc"; }; };
		151C94BA18659FE8003634B1 /* QiniuPutPolicy.m in Sources */ = {isa = PBXBuildFile; fileRef = 151C94B918659FE8003634B1 /* QiniuPutPolicy.m */; settings = {COMPILER_FLAGS = "-fno-objc-arc"; }; };
		152D83221852030400FE7FCE /* CommentModel.m in Sources */ = {isa = PBXBuildFile; fileRef = 152D83211852030400FE7FCE /* CommentModel.m */; };
		1531E2B8186E8EF100541A0B /* StringInputTableViewCell.m in Sources */ = {isa = PBXBuildFile; fileRef = 1531E2B7186E8EF100541A0B /* StringInputTableViewCell.m */; };
		1531E2BB186E923700541A0B /* DateInputTableViewCell.m in Sources */ = {isa = PBXBuildFile; fileRef = 1531E2BA186E923700541A0B /* DateInputTableViewCell.m */; };
		1531E2C1186EB70000541A0B /* PickerInputTableViewCell.m in Sources */ = {isa = PBXBuildFile; fileRef = 1531E2C0186EB70000541A0B /* PickerInputTableViewCell.m */; };
		1531E2C4186EB83600541A0B /* SimplePickerInputTableViewCell.m in Sources */ = {isa = PBXBuildFile; fileRef = 1531E2C3186EB83600541A0B /* SimplePickerInputTableViewCell.m */; };
		153904281875918300F8FB6D /* PublishSaleViewController.m in Sources */ = {isa = PBXBuildFile; fileRef = 153904271875918300F8FB6D /* PublishSaleViewController.m */; };
		1539042B18759EDF00F8FB6D /* CommerceTypeModel.m in Sources */ = {isa = PBXBuildFile; fileRef = 1539042A18759EDF00F8FB6D /* CommerceTypeModel.m */; };
		1544C58B1881944400BB9959 /* PublishBuyViewController.m in Sources */ = {isa = PBXBuildFile; fileRef = 1544C58A1881944400BB9959 /* PublishBuyViewController.m */; };
		154B17FF182E1E7A00750C71 /* placeholder@2x.png in Resources */ = {isa = PBXBuildFile; fileRef = 154B17FD182E1E7A00750C71 /* placeholder@2x.png */; };
		154B1800182E1E7A00750C71 /* placeholder.png in Resources */ = {isa = PBXBuildFile; fileRef = 154B17FE182E1E7A00750C71 /* placeholder.png */; };
		154BDB0D1842235C0019E85F /* group_detail_menu_share.png in Resources */ = {isa = PBXBuildFile; fileRef = 154BDB0C1842235C0019E85F /* group_detail_menu_share.png */; };
		1555CF52187C2D18008E2CF9 /* comment.png in Resources */ = {isa = PBXBuildFile; fileRef = 1555CF51187C2D18008E2CF9 /* comment.png */; };
		1556605D18704AA40037146E /* MHFacebookImageViewer.m in Sources */ = {isa = PBXBuildFile; fileRef = 1556605918704AA40037146E /* MHFacebookImageViewer.m */; };
		1556605E18704AA40037146E /* Done.png in Resources */ = {isa = PBXBuildFile; fileRef = 1556605B18704AA40037146E /* Done.png */; };
		1556605F18704AA40037146E /* Done@2x.png in Resources */ = {isa = PBXBuildFile; fileRef = 1556605C18704AA40037146E /* Done@2x.png */; };
		156034C91848DC0400C237B0 /* ActivityModel.m in Sources */ = {isa = PBXBuildFile; fileRef = 15F0951618464FB2004F3DAD /* ActivityModel.m */; };
		156034CA1848DC0A00C237B0 /* LocationModel.m in Sources */ = {isa = PBXBuildFile; fileRef = 15F0951A18464FB2004F3DAD /* LocationModel.m */; };
		156034CB1848DC0E00C237B0 /* MessageModel.m in Sources */ = {isa = PBXBuildFile; fileRef = 15F0951C18464FB2004F3DAD /* MessageModel.m */; };
		156034CC1848DC1100C237B0 /* UserModel.m in Sources */ = {isa = PBXBuildFile; fileRef = 15F0951E18464FB2004F3DAD /* UserModel.m */; };
		156034CD1848DC1600C237B0 /* MessagePaginator.m in Sources */ = {isa = PBXBuildFile; fileRef = 15F0952518464FF5004F3DAD /* MessagePaginator.m */; };
		156034D01848DC2500C237B0 /* FGalleryPhoto.m in Sources */ = {isa = PBXBuildFile; fileRef = 15F0950118464DE0004F3DAD /* FGalleryPhoto.m */; };
		156034D11848DC2900C237B0 /* FGalleryPhotoView.m in Sources */ = {isa = PBXBuildFile; fileRef = 15F0950318464DE0004F3DAD /* FGalleryPhotoView.m */; };
		156034D21848DC2D00C237B0 /* FGalleryViewController.m in Sources */ = {isa = PBXBuildFile; fileRef = 15F0950518464DE0004F3DAD /* FGalleryViewController.m */; };
		156034D81848DC7200C237B0 /* NMPaginator.m in Sources */ = {isa = PBXBuildFile; fileRef = 15F0950C18464F1A004F3DAD /* NMPaginator.m */; };
		156034D91848DC7600C237B0 /* PullRefreshTableViewController.m in Sources */ = {isa = PBXBuildFile; fileRef = 15F0950E18464F1A004F3DAD /* PullRefreshTableViewController.m */; };
		156034DA1848DC7A00C237B0 /* AreaModel.m in Sources */ = {isa = PBXBuildFile; fileRef = 15F0951818464FB2004F3DAD /* AreaModel.m */; };
		156034DD1848DD5700C237B0 /* SDWebImage.framework in Frameworks */ = {isa = PBXBuildFile; fileRef = 156034DC1848DD5700C237B0 /* SDWebImage.framework */; };
		156034DE1848DDEC00C237B0 /* ImageIO.framework in Frameworks */ = {isa = PBXBuildFile; fileRef = 5245C490182D192600FF63F7 /* ImageIO.framework */; };
		156034DF1848DE0100C237B0 /* AppDelegate.m in Sources */ = {isa = PBXBuildFile; fileRef = 522D7F3C1827BFBD00AF71F8 /* AppDelegate.m */; };
		156034E01848DE4300C237B0 /* main.m in Sources */ = {isa = PBXBuildFile; fileRef = 522D7F381827BFBD00AF71F8 /* main.m */; };
		15AD563F1841E234007CF595 /* gender_boy_big.png in Resources */ = {isa = PBXBuildFile; fileRef = 15AD563D1841E234007CF595 /* gender_boy_big.png */; };
		15AD56401841E234007CF595 /* gender_girl_big.png in Resources */ = {isa = PBXBuildFile; fileRef = 15AD563E1841E234007CF595 /* gender_girl_big.png */; };
		15AD56421841F876007CF595 /* time.png in Resources */ = {isa = PBXBuildFile; fileRef = 15AD56411841F876007CF595 /* time.png */; };
		15AD56451841F8E6007CF595 /* group_list_clock_src.png in Resources */ = {isa = PBXBuildFile; fileRef = 15AD56431841F8E6007CF595 /* group_list_clock_src.png */; };
		15AD56461841F8E6007CF595 /* group_list_location_src.png in Resources */ = {isa = PBXBuildFile; fileRef = 15AD56441841F8E6007CF595 /* group_list_location_src.png */; };
		15B220EB1878533400597DA7 /* UIButton+Extensions.m in Sources */ = {isa = PBXBuildFile; fileRef = 15B220EA1878533400597DA7 /* UIButton+Extensions.m */; };
		15DE498D185C8B6800754EAC /* UserInfoModel.m in Sources */ = {isa = PBXBuildFile; fileRef = 15DE498C185C8B6800754EAC /* UserInfoModel.m */; };
		15DE4991185CA15200754EAC /* KxMenu.m in Sources */ = {isa = PBXBuildFile; fileRef = 15DE4990185CA15200754EAC /* KxMenu.m */; };
		15F691AD184C3F2C009986CD /* ASIAuthenticationDialog.m in Sources */ = {isa = PBXBuildFile; fileRef = 15F6919A184C3F2C009986CD /* ASIAuthenticationDialog.m */; settings = {COMPILER_FLAGS = "-fno-objc-arc"; }; };
		15F691AE184C3F2C009986CD /* ASIDataCompressor.m in Sources */ = {isa = PBXBuildFile; fileRef = 15F6919D184C3F2C009986CD /* ASIDataCompressor.m */; settings = {COMPILER_FLAGS = "-fno-objc-arc"; }; };
		15F691AF184C3F2C009986CD /* ASIDataDecompressor.m in Sources */ = {isa = PBXBuildFile; fileRef = 15F6919F184C3F2C009986CD /* ASIDataDecompressor.m */; settings = {COMPILER_FLAGS = "-fno-objc-arc"; }; };
		15F691B0184C3F2C009986CD /* ASIDownloadCache.m in Sources */ = {isa = PBXBuildFile; fileRef = 15F691A1184C3F2C009986CD /* ASIDownloadCache.m */; settings = {COMPILER_FLAGS = "-fno-objc-arc"; }; };
		15F691B1184C3F2C009986CD /* ASIFormDataRequest.m in Sources */ = {isa = PBXBuildFile; fileRef = 15F691A3184C3F2C009986CD /* ASIFormDataRequest.m */; settings = {COMPILER_FLAGS = "-fno-objc-arc"; }; };
		15F691B2184C3F2C009986CD /* ASIHTTPRequest.m in Sources */ = {isa = PBXBuildFile; fileRef = 15F691A5184C3F2C009986CD /* ASIHTTPRequest.m */; settings = {COMPILER_FLAGS = "-fno-objc-arc"; }; };
		15F691B3184C3F2C009986CD /* ASIInputStream.m in Sources */ = {isa = PBXBuildFile; fileRef = 15F691A9184C3F2C009986CD /* ASIInputStream.m */; settings = {COMPILER_FLAGS = "-fno-objc-arc"; }; };
		15F691B4184C3F2C009986CD /* ASINetworkQueue.m in Sources */ = {isa = PBXBuildFile; fileRef = 15F691AB184C3F2C009986CD /* ASINetworkQueue.m */; settings = {COMPILER_FLAGS = "-fno-objc-arc"; }; };
		15F691B6184C3F61009986CD /* CFNetwork.framework in Frameworks */ = {isa = PBXBuildFile; fileRef = 15F691B5184C3F61009986CD /* CFNetwork.framework */; };
		15F691B8184C3F81009986CD /* SystemConfiguration.framework in Frameworks */ = {isa = PBXBuildFile; fileRef = 15F691B7184C3F81009986CD /* SystemConfiguration.framework */; };
		15F691BA184C3F8D009986CD /* MobileCoreServices.framework in Frameworks */ = {isa = PBXBuildFile; fileRef = 15F691B9184C3F8D009986CD /* MobileCoreServices.framework */; };
		15F691BC184C3FA2009986CD /* libz.dylib in Frameworks */ = {isa = PBXBuildFile; fileRef = 15F691BB184C3FA2009986CD /* libz.dylib */; };
		15F691BF184C42FF009986CD /* Reachability.m in Sources */ = {isa = PBXBuildFile; fileRef = 15F691BE184C42FF009986CD /* Reachability.m */; settings = {COMPILER_FLAGS = "-fno-objc-arc"; }; };
		15FA7520185737BE00C788A3 /* face.png in Resources */ = {isa = PBXBuildFile; fileRef = 15FA751E185737BE00C788A3 /* face.png */; };
		15FA7521185737BE00C788A3 /* face@2x.png in Resources */ = {isa = PBXBuildFile; fileRef = 15FA751F185737BE00C788A3 /* face@2x.png */; };
		15FA7524185737C800C788A3 /* text.png in Resources */ = {isa = PBXBuildFile; fileRef = 15FA7522185737C800C788A3 /* text.png */; };
		15FA7525185737C800C788A3 /* text@2x.png in Resources */ = {isa = PBXBuildFile; fileRef = 15FA7523185737C800C788A3 /* text@2x.png */; };
		15FC296B1855EC6B00731A50 /* EmojiKeyBoardView.m in Sources */ = {isa = PBXBuildFile; fileRef = 15FC29681855EC6B00731A50 /* EmojiKeyBoardView.m */; settings = {COMPILER_FLAGS = "-fno-objc-arc"; }; };
		15FC296C1855EC6B00731A50 /* EmojiPageView.m in Sources */ = {isa = PBXBuildFile; fileRef = 15FC296A1855EC6B00731A50 /* EmojiPageView.m */; settings = {COMPILER_FLAGS = "-fno-objc-arc"; }; };
		15FC296E1855EC8A00731A50 /* EmojisList.plist in Resources */ = {isa = PBXBuildFile; fileRef = 15FC296D1855EC8A00731A50 /* EmojisList.plist */; };
		15FC29711855EDF900731A50 /* DDPageControl.m in Sources */ = {isa = PBXBuildFile; fileRef = 15FC29701855EDF900731A50 /* DDPageControl.m */; settings = {COMPILER_FLAGS = "-fno-objc-arc"; }; };
		15FC29971855F37F00731A50 /* backspace_n.png in Resources */ = {isa = PBXBuildFile; fileRef = 15FC29731855F37F00731A50 /* backspace_n.png */; };
		15FC29981855F37F00731A50 /* backspace_n@2x.png in Resources */ = {isa = PBXBuildFile; fileRef = 15FC29741855F37F00731A50 /* backspace_n@2x.png */; };
		15FC29991855F37F00731A50 /* bell_n.png in Resources */ = {isa = PBXBuildFile; fileRef = 15FC29751855F37F00731A50 /* bell_n.png */; };
		15FC299A1855F37F00731A50 /* bell_n@2x.png in Resources */ = {isa = PBXBuildFile; fileRef = 15FC29761855F37F00731A50 /* bell_n@2x.png */; };
		15FC299B1855F37F00731A50 /* bell_s.png in Resources */ = {isa = PBXBuildFile; fileRef = 15FC29771855F37F00731A50 /* bell_s.png */; };
		15FC299C1855F37F00731A50 /* bell_s@2x.png in Resources */ = {isa = PBXBuildFile; fileRef = 15FC29781855F37F00731A50 /* bell_s@2x.png */; };
		15FC299D1855F37F00731A50 /* car_n.png in Resources */ = {isa = PBXBuildFile; fileRef = 15FC29791855F37F00731A50 /* car_n.png */; };
		15FC299E1855F37F00731A50 /* car_n@2x.png in Resources */ = {isa = PBXBuildFile; fileRef = 15FC297A1855F37F00731A50 /* car_n@2x.png */; };
		15FC299F1855F37F00731A50 /* car_s.png in Resources */ = {isa = PBXBuildFile; fileRef = 15FC297B1855F37F00731A50 /* car_s.png */; };
		15FC29A01855F37F00731A50 /* car_s@2x.png in Resources */ = {isa = PBXBuildFile; fileRef = 15FC297C1855F37F00731A50 /* car_s@2x.png */; };
		15FC29A11855F37F00731A50 /* characters_n.png in Resources */ = {isa = PBXBuildFile; fileRef = 15FC297D1855F37F00731A50 /* characters_n.png */; };
		15FC29A21855F37F00731A50 /* characters_n@2x.png in Resources */ = {isa = PBXBuildFile; fileRef = 15FC297E1855F37F00731A50 /* characters_n@2x.png */; };
		15FC29A31855F37F00731A50 /* characters_s.png in Resources */ = {isa = PBXBuildFile; fileRef = 15FC297F1855F37F00731A50 /* characters_s.png */; };
		15FC29A41855F37F00731A50 /* characters_s@2x.png in Resources */ = {isa = PBXBuildFile; fileRef = 15FC29801855F37F00731A50 /* characters_s@2x.png */; };
		15FC29A51855F37F00731A50 /* corner_left.png in Resources */ = {isa = PBXBuildFile; fileRef = 15FC29811855F37F00731A50 /* corner_left.png */; };
		15FC29A61855F37F00731A50 /* corner_left@2x.png in Resources */ = {isa = PBXBuildFile; fileRef = 15FC29821855F37F00731A50 /* corner_left@2x.png */; };
		15FC29A71855F37F00731A50 /* corner_right.png in Resources */ = {isa = PBXBuildFile; fileRef = 15FC29831855F37F00731A50 /* corner_right.png */; };
		15FC29A81855F37F00731A50 /* corner_right@2x.png in Resources */ = {isa = PBXBuildFile; fileRef = 15FC29841855F37F00731A50 /* corner_right@2x.png */; };
		15FC29A91855F37F00731A50 /* face_n.png in Resources */ = {isa = PBXBuildFile; fileRef = 15FC29851855F37F00731A50 /* face_n.png */; };
		15FC29AA1855F37F00731A50 /* face_n@2x.png in Resources */ = {isa = PBXBuildFile; fileRef = 15FC29861855F37F00731A50 /* face_n@2x.png */; };
		15FC29AB1855F37F00731A50 /* face_s.png in Resources */ = {isa = PBXBuildFile; fileRef = 15FC29871855F37F00731A50 /* face_s.png */; };
		15FC29AC1855F37F00731A50 /* face_s@2x.png in Resources */ = {isa = PBXBuildFile; fileRef = 15FC29881855F37F00731A50 /* face_s@2x.png */; };
		15FC29AD1855F37F00731A50 /* flower_n.png in Resources */ = {isa = PBXBuildFile; fileRef = 15FC29891855F37F00731A50 /* flower_n.png */; };
		15FC29AE1855F37F00731A50 /* flower_n@2x.png in Resources */ = {isa = PBXBuildFile; fileRef = 15FC298A1855F37F00731A50 /* flower_n@2x.png */; };
		15FC29AF1855F37F00731A50 /* flower_s.png in Resources */ = {isa = PBXBuildFile; fileRef = 15FC298B1855F37F00731A50 /* flower_s.png */; };
		15FC29B01855F37F00731A50 /* flower_s@2x.png in Resources */ = {isa = PBXBuildFile; fileRef = 15FC298C1855F37F00731A50 /* flower_s@2x.png */; };
		15FC29B11855F37F00731A50 /* icons_bg_separator.png in Resources */ = {isa = PBXBuildFile; fileRef = 15FC298D1855F37F00731A50 /* icons_bg_separator.png */; };
		15FC29B21855F37F00731A50 /* icons_bg_separator@2x.png in Resources */ = {isa = PBXBuildFile; fileRef = 15FC298E1855F37F00731A50 /* icons_bg_separator@2x.png */; };
		15FC29B31855F37F00731A50 /* recent_n.png in Resources */ = {isa = PBXBuildFile; fileRef = 15FC298F1855F37F00731A50 /* recent_n.png */; };
		15FC29B41855F37F00731A50 /* recent_n@2x.png in Resources */ = {isa = PBXBuildFile; fileRef = 15FC29901855F37F00731A50 /* recent_n@2x.png */; };
		15FC29B51855F37F00731A50 /* recent_s.png in Resources */ = {isa = PBXBuildFile; fileRef = 15FC29911855F37F00731A50 /* recent_s.png */; };
		15FC29B61855F37F00731A50 /* recent_s@2x.png in Resources */ = {isa = PBXBuildFile; fileRef = 15FC29921855F37F00731A50 /* recent_s@2x.png */; };
		15FC29B71855F37F00731A50 /* tab_bg.png in Resources */ = {isa = PBXBuildFile; fileRef = 15FC29931855F37F00731A50 /* tab_bg.png */; };
		15FC29B81855F37F00731A50 /* tab_bg@2x.png in Resources */ = {isa = PBXBuildFile; fileRef = 15FC29941855F37F00731A50 /* tab_bg@2x.png */; };
		15FC29B91855F37F00731A50 /* unselected_center_bg.png in Resources */ = {isa = PBXBuildFile; fileRef = 15FC29951855F37F00731A50 /* unselected_center_bg.png */; };
		15FC29BA1855F37F00731A50 /* unselected_center_bg@2x.png in Resources */ = {isa = PBXBuildFile; fileRef = 15FC29961855F37F00731A50 /* unselected_center_bg@2x.png */; };
		15FF0F5818648E800086D559 /* HPGrowingTextView.m in Sources */ = {isa = PBXBuildFile; fileRef = 15FF0F5518648E800086D559 /* HPGrowingTextView.m */; };
		15FF0F5918648E800086D559 /* HPTextViewInternal.m in Sources */ = {isa = PBXBuildFile; fileRef = 15FF0F5718648E800086D559 /* HPTextViewInternal.m */; };
		15FF0F69186490240086D559 /* MessageCell.m in Sources */ = {isa = PBXBuildFile; fileRef = 15FF0F5C186490240086D559 /* MessageCell.m */; };
		15FF0F6A186490240086D559 /* MessageCell.xib in Resources */ = {isa = PBXBuildFile; fileRef = 15FF0F5D186490240086D559 /* MessageCell.xib */; };
		15FF0F6B186490240086D559 /* NetWorkConnection.m in Sources */ = {isa = PBXBuildFile; fileRef = 15FF0F5F186490240086D559 /* NetWorkConnection.m */; };
		15FF0F6C186490240086D559 /* NSString+Emoji.m in Sources */ = {isa = PBXBuildFile; fileRef = 15FF0F61186490240086D559 /* NSString+Emoji.m */; };
		15FF0F6D186490240086D559 /* NSString+Extensions.m in Sources */ = {isa = PBXBuildFile; fileRef = 15FF0F63186490240086D559 /* NSString+Extensions.m */; };
		15FF0F6E186490240086D559 /* UIImage+Extensions.m in Sources */ = {isa = PBXBuildFile; fileRef = 15FF0F65186490240086D559 /* UIImage+Extensions.m */; };
		15FF0F6F186490240086D559 /* UILabel+Extensions.m in Sources */ = {isa = PBXBuildFile; fileRef = 15FF0F68186490240086D559 /* UILabel+Extensions.m */; };
		15FF0F7B186490D70086D559 /* ActivityDetailViewController.m in Sources */ = {isa = PBXBuildFile; fileRef = 15FF0F72186490D70086D559 /* ActivityDetailViewController.m */; };
		15FF0F7C186490D70086D559 /* MainTabViewController.m in Sources */ = {isa = PBXBuildFile; fileRef = 15FF0F74186490D70086D559 /* MainTabViewController.m */; };
		15FF0F7D186490D70086D559 /* PublishMessageViewController.m in Sources */ = {isa = PBXBuildFile; fileRef = 15FF0F76186490D70086D559 /* PublishMessageViewController.m */; };
		15FF0F7E186490D70086D559 /* SelectAreaViewController.m in Sources */ = {isa = PBXBuildFile; fileRef = 15FF0F78186490D70086D559 /* SelectAreaViewController.m */; };
		15FF0F7F186490D70086D559 /* SpeakerDetailViewController.m in Sources */ = {isa = PBXBuildFile; fileRef = 15FF0F7A186490D70086D559 /* SpeakerDetailViewController.m */; };
		15FF0F8218649E160086D559 /* photo-gallery-right.png in Resources */ = {isa = PBXBuildFile; fileRef = 15FF0F8018649E160086D559 /* photo-gallery-right.png */; };
		15FF0F8318649E160086D559 /* photo-gallery-left.png in Resources */ = {isa = PBXBuildFile; fileRef = 15FF0F8118649E160086D559 /* photo-gallery-left.png */; };
		15FF0F851864C1D40086D559 /* photo-gallery-trashcan.png in Resources */ = {isa = PBXBuildFile; fileRef = 15FF0F841864C1D40086D559 /* photo-gallery-trashcan.png */; };
		40892D520E8A4D1CA5146BC3 /* libPods.a in Frameworks */ = {isa = PBXBuildFile; fileRef = 371AA0B4ABDB49B1A103131D /* libPods.a */; };
		522D7F2D1827BFBD00AF71F8 /* UIKit.framework in Frameworks */ = {isa = PBXBuildFile; fileRef = 522D7F2C1827BFBD00AF71F8 /* UIKit.framework */; };
		522D7F2F1827BFBD00AF71F8 /* Foundation.framework in Frameworks */ = {isa = PBXBuildFile; fileRef = 522D7F2E1827BFBD00AF71F8 /* Foundation.framework */; };
		522D7F311827BFBD00AF71F8 /* CoreGraphics.framework in Frameworks */ = {isa = PBXBuildFile; fileRef = 522D7F301827BFBD00AF71F8 /* CoreGraphics.framework */; };
		522D7F371827BFBD00AF71F8 /* InfoPlist.strings in Resources */ = {isa = PBXBuildFile; fileRef = 522D7F351827BFBD00AF71F8 /* InfoPlist.strings */; };
		522D7F3F1827BFBD00AF71F8 /* Default.png in Resources */ = {isa = PBXBuildFile; fileRef = 522D7F3E1827BFBD00AF71F8 /* Default.png */; };
		522D7F411827BFBD00AF71F8 /* Default@2x.png in Resources */ = {isa = PBXBuildFile; fileRef = 522D7F401827BFBD00AF71F8 /* Default@2x.png */; };
		522D7F431827BFBD00AF71F8 /* Default-568h@2x.png in Resources */ = {isa = PBXBuildFile; fileRef = 522D7F421827BFBD00AF71F8 /* Default-568h@2x.png */; };
		522D7F461827BFBD00AF71F8 /* MainStoryboard.storyboard in Resources */ = {isa = PBXBuildFile; fileRef = 522D7F441827BFBD00AF71F8 /* MainStoryboard.storyboard */; };
		529710C51827E1EB007DD4A5 /* QuartzCore.framework in Frameworks */ = {isa = PBXBuildFile; fileRef = 529710C41827E1EB007DD4A5 /* QuartzCore.framework */; };
/* End PBXBuildFile section */

/* Begin PBXFileReference section */
		0ABFDA3C96D742A8AB2E0856 /* Pods.xcconfig */ = {isa = PBXFileReference; includeInIndex = 1; lastKnownFileType = text.xcconfig; name = Pods.xcconfig; path = Pods/Pods.xcconfig; sourceTree = "<group>"; };
		15018DDC186E838000DC8A51 /* PublishActivityViewController.h */ = {isa = PBXFileReference; fileEncoding = 4; lastKnownFileType = sourcecode.c.h; path = PublishActivityViewController.h; sourceTree = "<group>"; };
		15018DDD186E838000DC8A51 /* PublishActivityViewController.m */ = {isa = PBXFileReference; fileEncoding = 4; lastKnownFileType = sourcecode.c.objc; path = PublishActivityViewController.m; sourceTree = "<group>"; };
		1505C4E41863277F00AB7457 /* checked.png */ = {isa = PBXFileReference; lastKnownFileType = image.png; path = checked.png; sourceTree = "<group>"; };
		1505C4E51863277F00AB7457 /* checked@2x.png */ = {isa = PBXFileReference; lastKnownFileType = image.png; path = "checked@2x.png"; sourceTree = "<group>"; };
		1505C4E61863277F00AB7457 /* unchecked.png */ = {isa = PBXFileReference; lastKnownFileType = image.png; path = unchecked.png; sourceTree = "<group>"; };
		1505C4E71863277F00AB7457 /* unchecked@2x.png */ = {isa = PBXFileReference; lastKnownFileType = image.png; path = "unchecked@2x.png"; sourceTree = "<group>"; };
		1508C3A7185F251600AB6AE7 /* loadImage@2x.png */ = {isa = PBXFileReference; lastKnownFileType = image.png; path = "loadImage@2x.png"; sourceTree = "<group>"; };
		1508D0E71869B20A0051A9E8 /* CoreLocation.framework */ = {isa = PBXFileReference; lastKnownFileType = wrapper.framework; name = CoreLocation.framework; path = System/Library/Frameworks/CoreLocation.framework; sourceTree = SDKROOT; };
		1508D0E91869B2C00051A9E8 /* LocationHelper.h */ = {isa = PBXFileReference; fileEncoding = 4; lastKnownFileType = sourcecode.c.h; path = LocationHelper.h; sourceTree = "<group>"; };
		1508D0EA1869B2C00051A9E8 /* LocationHelper.mm */ = {isa = PBXFileReference; fileEncoding = 4; lastKnownFileType = sourcecode.cpp.objcpp; path = LocationHelper.mm; sourceTree = "<group>"; };
		1508D0EC1869BACC0051A9E8 /* MapKit.framework */ = {isa = PBXFileReference; lastKnownFileType = wrapper.framework; name = MapKit.framework; path = System/Library/Frameworks/MapKit.framework; sourceTree = SDKROOT; };
		1509FEEB18780D0A00F27A3C /* SaleDetailViewController.h */ = {isa = PBXFileReference; fileEncoding = 4; lastKnownFileType = sourcecode.c.h; path = SaleDetailViewController.h; sourceTree = "<group>"; };
		1509FEEC18780D0A00F27A3C /* SaleDetailViewController.m */ = {isa = PBXFileReference; fileEncoding = 4; lastKnownFileType = sourcecode.c.objc; path = SaleDetailViewController.m; sourceTree = "<group>"; };
		150A3F63187D67B200AA74D6 /* vad_icon_location.png */ = {isa = PBXFileReference; lastKnownFileType = image.png; path = vad_icon_location.png; sourceTree = "<group>"; };
		150A3F64187D67B200AA74D6 /* vad_icon_price.png */ = {isa = PBXFileReference; lastKnownFileType = image.png; path = vad_icon_price.png; sourceTree = "<group>"; };
		150A3F67187D684B00AA74D6 /* icon_sms.png */ = {isa = PBXFileReference; lastKnownFileType = image.png; path = icon_sms.png; sourceTree = "<group>"; };
		150A3F69187D6A6200AA74D6 /* copy_phone_num.png */ = {isa = PBXFileReference; lastKnownFileType = image.png; path = copy_phone_num.png; sourceTree = "<group>"; };
		1518E1E9184E08AA00172A14 /* MacroDefination.h */ = {isa = PBXFileReference; fileEncoding = 4; lastKnownFileType = sourcecode.c.h; path = MacroDefination.h; sourceTree = "<group>"; };
		151C944E186596C1003634B1 /* GTMBase64.h */ = {isa = PBXFileReference; fileEncoding = 4; lastKnownFileType = sourcecode.c.h; path = GTMBase64.h; sourceTree = "<group>"; };
		151C944F186596C1003634B1 /* GTMBase64.m */ = {isa = PBXFileReference; fileEncoding = 4; lastKnownFileType = sourcecode.c.objc; path = GTMBase64.m; sourceTree = "<group>"; };
		151C9450186596C1003634B1 /* GTMDefines.h */ = {isa = PBXFileReference; fileEncoding = 4; lastKnownFileType = sourcecode.c.h; path = GTMDefines.h; sourceTree = "<group>"; };
		151C9453186596C1003634B1 /* JSONKit.h */ = {isa = PBXFileReference; fileEncoding = 4; lastKnownFileType = sourcecode.c.h; path = JSONKit.h; sourceTree = "<group>"; };
		151C9454186596C1003634B1 /* JSONKit.m */ = {isa = PBXFileReference; fileEncoding = 4; lastKnownFileType = sourcecode.c.objc; path = JSONKit.m; sourceTree = "<group>"; };
		151C9456186596C1003634B1 /* QiniuPutExtra.h */ = {isa = PBXFileReference; fileEncoding = 4; lastKnownFileType = sourcecode.c.h; path = QiniuPutExtra.h; sourceTree = "<group>"; };
		151C9457186596C1003634B1 /* QiniuPutExtra.m */ = {isa = PBXFileReference; fileEncoding = 4; lastKnownFileType = sourcecode.c.objc; path = QiniuPutExtra.m; sourceTree = "<group>"; };
		151C9458186596C1003634B1 /* QiniuSimpleUploader.h */ = {isa = PBXFileReference; fileEncoding = 4; lastKnownFileType = sourcecode.c.h; path = QiniuSimpleUploader.h; sourceTree = "<group>"; };
		151C9459186596C1003634B1 /* QiniuSimpleUploader.m */ = {isa = PBXFileReference; fileEncoding = 4; lastKnownFileType = sourcecode.c.objc; path = QiniuSimpleUploader.m; sourceTree = "<group>"; };
		151C945A186596C1003634B1 /* QiniuUploadDelegate.h */ = {isa = PBXFileReference; fileEncoding = 4; lastKnownFileType = sourcecode.c.h; path = QiniuUploadDelegate.h; sourceTree = "<group>"; };
		151C945B186596C1003634B1 /* QiniuUtils.h */ = {isa = PBXFileReference; fileEncoding = 4; lastKnownFileType = sourcecode.c.h; path = QiniuUtils.h; sourceTree = "<group>"; };
		151C945C186596C1003634B1 /* QiniuUtils.m */ = {isa = PBXFileReference; fileEncoding = 4; lastKnownFileType = sourcecode.c.objc; path = QiniuUtils.m; sourceTree = "<group>"; };
		151C94B718659FDE003634B1 /* QiniuConfig.h */ = {isa = PBXFileReference; fileEncoding = 4; lastKnownFileType = sourcecode.c.h; path = QiniuConfig.h; sourceTree = "<group>"; };
		151C94B818659FE8003634B1 /* QiniuPutPolicy.h */ = {isa = PBXFileReference; fileEncoding = 4; lastKnownFileType = sourcecode.c.h; path = QiniuPutPolicy.h; sourceTree = "<group>"; };
		151C94B918659FE8003634B1 /* QiniuPutPolicy.m */ = {isa = PBXFileReference; fileEncoding = 4; lastKnownFileType = sourcecode.c.objc; path = QiniuPutPolicy.m; sourceTree = "<group>"; };
		152D83201852030400FE7FCE /* CommentModel.h */ = {isa = PBXFileReference; fileEncoding = 4; lastKnownFileType = sourcecode.c.h; path = CommentModel.h; sourceTree = "<group>"; };
		152D83211852030400FE7FCE /* CommentModel.m */ = {isa = PBXFileReference; fileEncoding = 4; lastKnownFileType = sourcecode.c.objc; path = CommentModel.m; sourceTree = "<group>"; };
		1531E2B6186E8EF100541A0B /* StringInputTableViewCell.h */ = {isa = PBXFileReference; fileEncoding = 4; lastKnownFileType = sourcecode.c.h; path = StringInputTableViewCell.h; sourceTree = "<group>"; };
		1531E2B7186E8EF100541A0B /* StringInputTableViewCell.m */ = {isa = PBXFileReference; fileEncoding = 4; lastKnownFileType = sourcecode.c.objc; path = StringInputTableViewCell.m; sourceTree = "<group>"; };
		1531E2B9186E923700541A0B /* DateInputTableViewCell.h */ = {isa = PBXFileReference; fileEncoding = 4; lastKnownFileType = sourcecode.c.h; path = DateInputTableViewCell.h; sourceTree = "<group>"; };
		1531E2BA186E923700541A0B /* DateInputTableViewCell.m */ = {isa = PBXFileReference; fileEncoding = 4; lastKnownFileType = sourcecode.c.objc; path = DateInputTableViewCell.m; sourceTree = "<group>"; };
		1531E2BF186EB70000541A0B /* PickerInputTableViewCell.h */ = {isa = PBXFileReference; fileEncoding = 4; lastKnownFileType = sourcecode.c.h; path = PickerInputTableViewCell.h; sourceTree = "<group>"; };
		1531E2C0186EB70000541A0B /* PickerInputTableViewCell.m */ = {isa = PBXFileReference; fileEncoding = 4; lastKnownFileType = sourcecode.c.objc; path = PickerInputTableViewCell.m; sourceTree = "<group>"; };
		1531E2C2186EB83600541A0B /* SimplePickerInputTableViewCell.h */ = {isa = PBXFileReference; fileEncoding = 4; lastKnownFileType = sourcecode.c.h; path = SimplePickerInputTableViewCell.h; sourceTree = "<group>"; };
		1531E2C3186EB83600541A0B /* SimplePickerInputTableViewCell.m */ = {isa = PBXFileReference; fileEncoding = 4; lastKnownFileType = sourcecode.c.objc; path = SimplePickerInputTableViewCell.m; sourceTree = "<group>"; };
		153904261875918300F8FB6D /* PublishSaleViewController.h */ = {isa = PBXFileReference; fileEncoding = 4; lastKnownFileType = sourcecode.c.h; path = PublishSaleViewController.h; sourceTree = "<group>"; };
		153904271875918300F8FB6D /* PublishSaleViewController.m */ = {isa = PBXFileReference; fileEncoding = 4; lastKnownFileType = sourcecode.c.objc; path = PublishSaleViewController.m; sourceTree = "<group>"; };
		1539042918759EDF00F8FB6D /* CommerceTypeModel.h */ = {isa = PBXFileReference; fileEncoding = 4; lastKnownFileType = sourcecode.c.h; path = CommerceTypeModel.h; sourceTree = "<group>"; };
		1539042A18759EDF00F8FB6D /* CommerceTypeModel.m */ = {isa = PBXFileReference; fileEncoding = 4; lastKnownFileType = sourcecode.c.objc; path = CommerceTypeModel.m; sourceTree = "<group>"; };
		1544C5891881944400BB9959 /* PublishBuyViewController.h */ = {isa = PBXFileReference; fileEncoding = 4; lastKnownFileType = sourcecode.c.h; path = PublishBuyViewController.h; sourceTree = "<group>"; };
		1544C58A1881944400BB9959 /* PublishBuyViewController.m */ = {isa = PBXFileReference; fileEncoding = 4; lastKnownFileType = sourcecode.c.objc; path = PublishBuyViewController.m; sourceTree = "<group>"; };
		154B17FD182E1E7A00750C71 /* placeholder@2x.png */ = {isa = PBXFileReference; lastKnownFileType = image.png; path = "placeholder@2x.png"; sourceTree = "<group>"; };
		154B17FE182E1E7A00750C71 /* placeholder.png */ = {isa = PBXFileReference; lastKnownFileType = image.png; path = placeholder.png; sourceTree = "<group>"; };
		154BDB0C1842235C0019E85F /* group_detail_menu_share.png */ = {isa = PBXFileReference; lastKnownFileType = image.png; path = group_detail_menu_share.png; sourceTree = "<group>"; };
		1555CF51187C2D18008E2CF9 /* comment.png */ = {isa = PBXFileReference; lastKnownFileType = image.png; path = comment.png; sourceTree = "<group>"; };
		1556605818704AA40037146E /* MHFacebookImageViewer.h */ = {isa = PBXFileReference; fileEncoding = 4; lastKnownFileType = sourcecode.c.h; path = MHFacebookImageViewer.h; sourceTree = "<group>"; };
		1556605918704AA40037146E /* MHFacebookImageViewer.m */ = {isa = PBXFileReference; fileEncoding = 4; lastKnownFileType = sourcecode.c.objc; path = MHFacebookImageViewer.m; sourceTree = "<group>"; };
		1556605B18704AA40037146E /* Done.png */ = {isa = PBXFileReference; lastKnownFileType = image.png; path = Done.png; sourceTree = "<group>"; };
		1556605C18704AA40037146E /* Done@2x.png */ = {isa = PBXFileReference; lastKnownFileType = image.png; path = "Done@2x.png"; sourceTree = "<group>"; };
		156034DC1848DD5700C237B0 /* SDWebImage.framework */ = {isa = PBXFileReference; lastKnownFileType = wrapper.framework; path = SDWebImage.framework; sourceTree = "<group>"; };
		15AD563D1841E234007CF595 /* gender_boy_big.png */ = {isa = PBXFileReference; lastKnownFileType = image.png; path = gender_boy_big.png; sourceTree = "<group>"; };
		15AD563E1841E234007CF595 /* gender_girl_big.png */ = {isa = PBXFileReference; lastKnownFileType = image.png; path = gender_girl_big.png; sourceTree = "<group>"; };
		15AD56411841F876007CF595 /* time.png */ = {isa = PBXFileReference; lastKnownFileType = image.png; path = time.png; sourceTree = "<group>"; };
		15AD56431841F8E6007CF595 /* group_list_clock_src.png */ = {isa = PBXFileReference; lastKnownFileType = image.png; path = group_list_clock_src.png; sourceTree = "<group>"; };
		15AD56441841F8E6007CF595 /* group_list_location_src.png */ = {isa = PBXFileReference; lastKnownFileType = image.png; path = group_list_location_src.png; sourceTree = "<group>"; };
		15B220E91878533400597DA7 /* UIButton+Extensions.h */ = {isa = PBXFileReference; fileEncoding = 4; lastKnownFileType = sourcecode.c.h; path = "UIButton+Extensions.h"; sourceTree = "<group>"; };
		15B220EA1878533400597DA7 /* UIButton+Extensions.m */ = {isa = PBXFileReference; fileEncoding = 4; lastKnownFileType = sourcecode.c.objc; path = "UIButton+Extensions.m"; sourceTree = "<group>"; };
		15DE498B185C8B6800754EAC /* UserInfoModel.h */ = {isa = PBXFileReference; fileEncoding = 4; lastKnownFileType = sourcecode.c.h; path = UserInfoModel.h; sourceTree = "<group>"; };
		15DE498C185C8B6800754EAC /* UserInfoModel.m */ = {isa = PBXFileReference; fileEncoding = 4; lastKnownFileType = sourcecode.c.objc; path = UserInfoModel.m; sourceTree = "<group>"; };
		15DE498F185CA15200754EAC /* KxMenu.h */ = {isa = PBXFileReference; fileEncoding = 4; lastKnownFileType = sourcecode.c.h; path = KxMenu.h; sourceTree = "<group>"; };
		15DE4990185CA15200754EAC /* KxMenu.m */ = {isa = PBXFileReference; fileEncoding = 4; lastKnownFileType = sourcecode.c.objc; path = KxMenu.m; sourceTree = "<group>"; };
		15F0950018464DE0004F3DAD /* FGalleryPhoto.h */ = {isa = PBXFileReference; fileEncoding = 4; lastKnownFileType = sourcecode.c.h; path = FGalleryPhoto.h; sourceTree = "<group>"; };
		15F0950118464DE0004F3DAD /* FGalleryPhoto.m */ = {isa = PBXFileReference; fileEncoding = 4; lastKnownFileType = sourcecode.c.objc; path = FGalleryPhoto.m; sourceTree = "<group>"; };
		15F0950218464DE0004F3DAD /* FGalleryPhotoView.h */ = {isa = PBXFileReference; fileEncoding = 4; lastKnownFileType = sourcecode.c.h; path = FGalleryPhotoView.h; sourceTree = "<group>"; };
		15F0950318464DE0004F3DAD /* FGalleryPhotoView.m */ = {isa = PBXFileReference; fileEncoding = 4; lastKnownFileType = sourcecode.c.objc; path = FGalleryPhotoView.m; sourceTree = "<group>"; };
		15F0950418464DE0004F3DAD /* FGalleryViewController.h */ = {isa = PBXFileReference; fileEncoding = 4; lastKnownFileType = sourcecode.c.h; path = FGalleryViewController.h; sourceTree = "<group>"; };
		15F0950518464DE0004F3DAD /* FGalleryViewController.m */ = {isa = PBXFileReference; fileEncoding = 4; lastKnownFileType = sourcecode.c.objc; path = FGalleryViewController.m; sourceTree = "<group>"; };
		15F0950B18464F1A004F3DAD /* NMPaginator.h */ = {isa = PBXFileReference; fileEncoding = 4; lastKnownFileType = sourcecode.c.h; path = NMPaginator.h; sourceTree = "<group>"; };
		15F0950C18464F1A004F3DAD /* NMPaginator.m */ = {isa = PBXFileReference; fileEncoding = 4; lastKnownFileType = sourcecode.c.objc; path = NMPaginator.m; sourceTree = "<group>"; };
		15F0950D18464F1A004F3DAD /* PullRefreshTableViewController.h */ = {isa = PBXFileReference; fileEncoding = 4; lastKnownFileType = sourcecode.c.h; path = PullRefreshTableViewController.h; sourceTree = "<group>"; };
		15F0950E18464F1A004F3DAD /* PullRefreshTableViewController.m */ = {isa = PBXFileReference; fileEncoding = 4; lastKnownFileType = sourcecode.c.objc; path = PullRefreshTableViewController.m; sourceTree = "<group>"; };
		15F0951518464FB2004F3DAD /* ActivityModel.h */ = {isa = PBXFileReference; fileEncoding = 4; lastKnownFileType = sourcecode.c.h; path = ActivityModel.h; sourceTree = "<group>"; };
		15F0951618464FB2004F3DAD /* ActivityModel.m */ = {isa = PBXFileReference; fileEncoding = 4; lastKnownFileType = sourcecode.c.objc; path = ActivityModel.m; sourceTree = "<group>"; };
		15F0951718464FB2004F3DAD /* AreaModel.h */ = {isa = PBXFileReference; fileEncoding = 4; lastKnownFileType = sourcecode.c.h; path = AreaModel.h; sourceTree = "<group>"; };
		15F0951818464FB2004F3DAD /* AreaModel.m */ = {isa = PBXFileReference; fileEncoding = 4; lastKnownFileType = sourcecode.c.objc; path = AreaModel.m; sourceTree = "<group>"; };
		15F0951918464FB2004F3DAD /* LocationModel.h */ = {isa = PBXFileReference; fileEncoding = 4; lastKnownFileType = sourcecode.c.h; path = LocationModel.h; sourceTree = "<group>"; };
		15F0951A18464FB2004F3DAD /* LocationModel.m */ = {isa = PBXFileReference; fileEncoding = 4; lastKnownFileType = sourcecode.c.objc; path = LocationModel.m; sourceTree = "<group>"; };
		15F0951B18464FB2004F3DAD /* MessageModel.h */ = {isa = PBXFileReference; fileEncoding = 4; lastKnownFileType = sourcecode.c.h; path = MessageModel.h; sourceTree = "<group>"; };
		15F0951C18464FB2004F3DAD /* MessageModel.m */ = {isa = PBXFileReference; fileEncoding = 4; lastKnownFileType = sourcecode.c.objc; path = MessageModel.m; sourceTree = "<group>"; };
		15F0951D18464FB2004F3DAD /* UserModel.h */ = {isa = PBXFileReference; fileEncoding = 4; lastKnownFileType = sourcecode.c.h; path = UserModel.h; sourceTree = "<group>"; };
		15F0951E18464FB2004F3DAD /* UserModel.m */ = {isa = PBXFileReference; fileEncoding = 4; lastKnownFileType = sourcecode.c.objc; path = UserModel.m; sourceTree = "<group>"; };
		15F0952418464FF5004F3DAD /* MessagePaginator.h */ = {isa = PBXFileReference; fileEncoding = 4; lastKnownFileType = sourcecode.c.h; path = MessagePaginator.h; sourceTree = "<group>"; };
		15F0952518464FF5004F3DAD /* MessagePaginator.m */ = {isa = PBXFileReference; fileEncoding = 4; lastKnownFileType = sourcecode.c.objc; path = MessagePaginator.m; sourceTree = "<group>"; };
		15F69199184C3F2C009986CD /* ASIAuthenticationDialog.h */ = {isa = PBXFileReference; fileEncoding = 4; lastKnownFileType = sourcecode.c.h; path = ASIAuthenticationDialog.h; sourceTree = "<group>"; };
		15F6919A184C3F2C009986CD /* ASIAuthenticationDialog.m */ = {isa = PBXFileReference; fileEncoding = 4; lastKnownFileType = sourcecode.c.objc; path = ASIAuthenticationDialog.m; sourceTree = "<group>"; };
		15F6919B184C3F2C009986CD /* ASICacheDelegate.h */ = {isa = PBXFileReference; fileEncoding = 4; lastKnownFileType = sourcecode.c.h; path = ASICacheDelegate.h; sourceTree = "<group>"; };
		15F6919C184C3F2C009986CD /* ASIDataCompressor.h */ = {isa = PBXFileReference; fileEncoding = 4; lastKnownFileType = sourcecode.c.h; path = ASIDataCompressor.h; sourceTree = "<group>"; };
		15F6919D184C3F2C009986CD /* ASIDataCompressor.m */ = {isa = PBXFileReference; fileEncoding = 4; lastKnownFileType = sourcecode.c.objc; path = ASIDataCompressor.m; sourceTree = "<group>"; };
		15F6919E184C3F2C009986CD /* ASIDataDecompressor.h */ = {isa = PBXFileReference; fileEncoding = 4; lastKnownFileType = sourcecode.c.h; path = ASIDataDecompressor.h; sourceTree = "<group>"; };
		15F6919F184C3F2C009986CD /* ASIDataDecompressor.m */ = {isa = PBXFileReference; fileEncoding = 4; lastKnownFileType = sourcecode.c.objc; path = ASIDataDecompressor.m; sourceTree = "<group>"; };
		15F691A0184C3F2C009986CD /* ASIDownloadCache.h */ = {isa = PBXFileReference; fileEncoding = 4; lastKnownFileType = sourcecode.c.h; path = ASIDownloadCache.h; sourceTree = "<group>"; };
		15F691A1184C3F2C009986CD /* ASIDownloadCache.m */ = {isa = PBXFileReference; fileEncoding = 4; lastKnownFileType = sourcecode.c.objc; path = ASIDownloadCache.m; sourceTree = "<group>"; };
		15F691A2184C3F2C009986CD /* ASIFormDataRequest.h */ = {isa = PBXFileReference; fileEncoding = 4; lastKnownFileType = sourcecode.c.h; path = ASIFormDataRequest.h; sourceTree = "<group>"; };
		15F691A3184C3F2C009986CD /* ASIFormDataRequest.m */ = {isa = PBXFileReference; fileEncoding = 4; lastKnownFileType = sourcecode.c.objc; path = ASIFormDataRequest.m; sourceTree = "<group>"; };
		15F691A4184C3F2C009986CD /* ASIHTTPRequest.h */ = {isa = PBXFileReference; fileEncoding = 4; lastKnownFileType = sourcecode.c.h; path = ASIHTTPRequest.h; sourceTree = "<group>"; };
		15F691A5184C3F2C009986CD /* ASIHTTPRequest.m */ = {isa = PBXFileReference; fileEncoding = 4; lastKnownFileType = sourcecode.c.objc; path = ASIHTTPRequest.m; sourceTree = "<group>"; };
		15F691A6184C3F2C009986CD /* ASIHTTPRequestConfig.h */ = {isa = PBXFileReference; fileEncoding = 4; lastKnownFileType = sourcecode.c.h; path = ASIHTTPRequestConfig.h; sourceTree = "<group>"; };
		15F691A7184C3F2C009986CD /* ASIHTTPRequestDelegate.h */ = {isa = PBXFileReference; fileEncoding = 4; lastKnownFileType = sourcecode.c.h; path = ASIHTTPRequestDelegate.h; sourceTree = "<group>"; };
		15F691A8184C3F2C009986CD /* ASIInputStream.h */ = {isa = PBXFileReference; fileEncoding = 4; lastKnownFileType = sourcecode.c.h; path = ASIInputStream.h; sourceTree = "<group>"; };
		15F691A9184C3F2C009986CD /* ASIInputStream.m */ = {isa = PBXFileReference; fileEncoding = 4; lastKnownFileType = sourcecode.c.objc; path = ASIInputStream.m; sourceTree = "<group>"; };
		15F691AA184C3F2C009986CD /* ASINetworkQueue.h */ = {isa = PBXFileReference; fileEncoding = 4; lastKnownFileType = sourcecode.c.h; path = ASINetworkQueue.h; sourceTree = "<group>"; };
		15F691AB184C3F2C009986CD /* ASINetworkQueue.m */ = {isa = PBXFileReference; fileEncoding = 4; lastKnownFileType = sourcecode.c.objc; path = ASINetworkQueue.m; sourceTree = "<group>"; };
		15F691AC184C3F2C009986CD /* ASIProgressDelegate.h */ = {isa = PBXFileReference; fileEncoding = 4; lastKnownFileType = sourcecode.c.h; path = ASIProgressDelegate.h; sourceTree = "<group>"; };
		15F691B5184C3F61009986CD /* CFNetwork.framework */ = {isa = PBXFileReference; lastKnownFileType = wrapper.framework; name = CFNetwork.framework; path = System/Library/Frameworks/CFNetwork.framework; sourceTree = SDKROOT; };
		15F691B7184C3F81009986CD /* SystemConfiguration.framework */ = {isa = PBXFileReference; lastKnownFileType = wrapper.framework; name = SystemConfiguration.framework; path = System/Library/Frameworks/SystemConfiguration.framework; sourceTree = SDKROOT; };
		15F691B9184C3F8D009986CD /* MobileCoreServices.framework */ = {isa = PBXFileReference; lastKnownFileType = wrapper.framework; name = MobileCoreServices.framework; path = System/Library/Frameworks/MobileCoreServices.framework; sourceTree = SDKROOT; };
		15F691BB184C3FA2009986CD /* libz.dylib */ = {isa = PBXFileReference; lastKnownFileType = "compiled.mach-o.dylib"; name = libz.dylib; path = usr/lib/libz.dylib; sourceTree = SDKROOT; };
		15F691BD184C42FF009986CD /* Reachability.h */ = {isa = PBXFileReference; fileEncoding = 4; lastKnownFileType = sourcecode.c.h; path = Reachability.h; sourceTree = "<group>"; };
		15F691BE184C42FF009986CD /* Reachability.m */ = {isa = PBXFileReference; fileEncoding = 4; lastKnownFileType = sourcecode.c.objc; path = Reachability.m; sourceTree = "<group>"; };
		15FA751E185737BE00C788A3 /* face.png */ = {isa = PBXFileReference; lastKnownFileType = image.png; path = face.png; sourceTree = "<group>"; };
		15FA751F185737BE00C788A3 /* face@2x.png */ = {isa = PBXFileReference; lastKnownFileType = image.png; path = "face@2x.png"; sourceTree = "<group>"; };
		15FA7522185737C800C788A3 /* text.png */ = {isa = PBXFileReference; lastKnownFileType = image.png; path = text.png; sourceTree = "<group>"; };
		15FA7523185737C800C788A3 /* text@2x.png */ = {isa = PBXFileReference; lastKnownFileType = image.png; path = "text@2x.png"; sourceTree = "<group>"; };
		15FC29671855EC6B00731A50 /* EmojiKeyBoardView.h */ = {isa = PBXFileReference; fileEncoding = 4; lastKnownFileType = sourcecode.c.h; path = EmojiKeyBoardView.h; sourceTree = "<group>"; };
		15FC29681855EC6B00731A50 /* EmojiKeyBoardView.m */ = {isa = PBXFileReference; fileEncoding = 4; lastKnownFileType = sourcecode.c.objc; path = EmojiKeyBoardView.m; sourceTree = "<group>"; };
		15FC29691855EC6B00731A50 /* EmojiPageView.h */ = {isa = PBXFileReference; fileEncoding = 4; lastKnownFileType = sourcecode.c.h; path = EmojiPageView.h; sourceTree = "<group>"; };
		15FC296A1855EC6B00731A50 /* EmojiPageView.m */ = {isa = PBXFileReference; fileEncoding = 4; lastKnownFileType = sourcecode.c.objc; path = EmojiPageView.m; sourceTree = "<group>"; };
		15FC296D1855EC8A00731A50 /* EmojisList.plist */ = {isa = PBXFileReference; fileEncoding = 4; lastKnownFileType = text.plist.xml; path = EmojisList.plist; sourceTree = "<group>"; };
		15FC296F1855EDF900731A50 /* DDPageControl.h */ = {isa = PBXFileReference; fileEncoding = 4; lastKnownFileType = sourcecode.c.h; path = DDPageControl.h; sourceTree = "<group>"; };
		15FC29701855EDF900731A50 /* DDPageControl.m */ = {isa = PBXFileReference; fileEncoding = 4; lastKnownFileType = sourcecode.c.objc; path = DDPageControl.m; sourceTree = "<group>"; };
		15FC29731855F37F00731A50 /* backspace_n.png */ = {isa = PBXFileReference; lastKnownFileType = image.png; path = backspace_n.png; sourceTree = "<group>"; };
		15FC29741855F37F00731A50 /* backspace_n@2x.png */ = {isa = PBXFileReference; lastKnownFileType = image.png; path = "backspace_n@2x.png"; sourceTree = "<group>"; };
		15FC29751855F37F00731A50 /* bell_n.png */ = {isa = PBXFileReference; lastKnownFileType = image.png; path = bell_n.png; sourceTree = "<group>"; };
		15FC29761855F37F00731A50 /* bell_n@2x.png */ = {isa = PBXFileReference; lastKnownFileType = image.png; path = "bell_n@2x.png"; sourceTree = "<group>"; };
		15FC29771855F37F00731A50 /* bell_s.png */ = {isa = PBXFileReference; lastKnownFileType = image.png; path = bell_s.png; sourceTree = "<group>"; };
		15FC29781855F37F00731A50 /* bell_s@2x.png */ = {isa = PBXFileReference; lastKnownFileType = image.png; path = "bell_s@2x.png"; sourceTree = "<group>"; };
		15FC29791855F37F00731A50 /* car_n.png */ = {isa = PBXFileReference; lastKnownFileType = image.png; path = car_n.png; sourceTree = "<group>"; };
		15FC297A1855F37F00731A50 /* car_n@2x.png */ = {isa = PBXFileReference; lastKnownFileType = image.png; path = "car_n@2x.png"; sourceTree = "<group>"; };
		15FC297B1855F37F00731A50 /* car_s.png */ = {isa = PBXFileReference; lastKnownFileType = image.png; path = car_s.png; sourceTree = "<group>"; };
		15FC297C1855F37F00731A50 /* car_s@2x.png */ = {isa = PBXFileReference; lastKnownFileType = image.png; path = "car_s@2x.png"; sourceTree = "<group>"; };
		15FC297D1855F37F00731A50 /* characters_n.png */ = {isa = PBXFileReference; lastKnownFileType = image.png; path = characters_n.png; sourceTree = "<group>"; };
		15FC297E1855F37F00731A50 /* characters_n@2x.png */ = {isa = PBXFileReference; lastKnownFileType = image.png; path = "characters_n@2x.png"; sourceTree = "<group>"; };
		15FC297F1855F37F00731A50 /* characters_s.png */ = {isa = PBXFileReference; lastKnownFileType = image.png; path = characters_s.png; sourceTree = "<group>"; };
		15FC29801855F37F00731A50 /* characters_s@2x.png */ = {isa = PBXFileReference; lastKnownFileType = image.png; path = "characters_s@2x.png"; sourceTree = "<group>"; };
		15FC29811855F37F00731A50 /* corner_left.png */ = {isa = PBXFileReference; lastKnownFileType = image.png; path = corner_left.png; sourceTree = "<group>"; };
		15FC29821855F37F00731A50 /* corner_left@2x.png */ = {isa = PBXFileReference; lastKnownFileType = image.png; path = "corner_left@2x.png"; sourceTree = "<group>"; };
		15FC29831855F37F00731A50 /* corner_right.png */ = {isa = PBXFileReference; lastKnownFileType = image.png; path = corner_right.png; sourceTree = "<group>"; };
		15FC29841855F37F00731A50 /* corner_right@2x.png */ = {isa = PBXFileReference; lastKnownFileType = image.png; path = "corner_right@2x.png"; sourceTree = "<group>"; };
		15FC29851855F37F00731A50 /* face_n.png */ = {isa = PBXFileReference; lastKnownFileType = image.png; path = face_n.png; sourceTree = "<group>"; };
		15FC29861855F37F00731A50 /* face_n@2x.png */ = {isa = PBXFileReference; lastKnownFileType = image.png; path = "face_n@2x.png"; sourceTree = "<group>"; };
		15FC29871855F37F00731A50 /* face_s.png */ = {isa = PBXFileReference; lastKnownFileType = image.png; path = face_s.png; sourceTree = "<group>"; };
		15FC29881855F37F00731A50 /* face_s@2x.png */ = {isa = PBXFileReference; lastKnownFileType = image.png; path = "face_s@2x.png"; sourceTree = "<group>"; };
		15FC29891855F37F00731A50 /* flower_n.png */ = {isa = PBXFileReference; lastKnownFileType = image.png; path = flower_n.png; sourceTree = "<group>"; };
		15FC298A1855F37F00731A50 /* flower_n@2x.png */ = {isa = PBXFileReference; lastKnownFileType = image.png; path = "flower_n@2x.png"; sourceTree = "<group>"; };
		15FC298B1855F37F00731A50 /* flower_s.png */ = {isa = PBXFileReference; lastKnownFileType = image.png; path = flower_s.png; sourceTree = "<group>"; };
		15FC298C1855F37F00731A50 /* flower_s@2x.png */ = {isa = PBXFileReference; lastKnownFileType = image.png; path = "flower_s@2x.png"; sourceTree = "<group>"; };
		15FC298D1855F37F00731A50 /* icons_bg_separator.png */ = {isa = PBXFileReference; lastKnownFileType = image.png; path = icons_bg_separator.png; sourceTree = "<group>"; };
		15FC298E1855F37F00731A50 /* icons_bg_separator@2x.png */ = {isa = PBXFileReference; lastKnownFileType = image.png; path = "icons_bg_separator@2x.png"; sourceTree = "<group>"; };
		15FC298F1855F37F00731A50 /* recent_n.png */ = {isa = PBXFileReference; lastKnownFileType = image.png; path = recent_n.png; sourceTree = "<group>"; };
		15FC29901855F37F00731A50 /* recent_n@2x.png */ = {isa = PBXFileReference; lastKnownFileType = image.png; path = "recent_n@2x.png"; sourceTree = "<group>"; };
		15FC29911855F37F00731A50 /* recent_s.png */ = {isa = PBXFileReference; lastKnownFileType = image.png; path = recent_s.png; sourceTree = "<group>"; };
		15FC29921855F37F00731A50 /* recent_s@2x.png */ = {isa = PBXFileReference; lastKnownFileType = image.png; path = "recent_s@2x.png"; sourceTree = "<group>"; };
		15FC29931855F37F00731A50 /* tab_bg.png */ = {isa = PBXFileReference; lastKnownFileType = image.png; path = tab_bg.png; sourceTree = "<group>"; };
		15FC29941855F37F00731A50 /* tab_bg@2x.png */ = {isa = PBXFileReference; lastKnownFileType = image.png; path = "tab_bg@2x.png"; sourceTree = "<group>"; };
		15FC29951855F37F00731A50 /* unselected_center_bg.png */ = {isa = PBXFileReference; lastKnownFileType = image.png; path = unselected_center_bg.png; sourceTree = "<group>"; };
		15FC29961855F37F00731A50 /* unselected_center_bg@2x.png */ = {isa = PBXFileReference; lastKnownFileType = image.png; path = "unselected_center_bg@2x.png"; sourceTree = "<group>"; };
		15FF0F5418648E800086D559 /* HPGrowingTextView.h */ = {isa = PBXFileReference; fileEncoding = 4; lastKnownFileType = sourcecode.c.h; path = HPGrowingTextView.h; sourceTree = "<group>"; };
		15FF0F5518648E800086D559 /* HPGrowingTextView.m */ = {isa = PBXFileReference; fileEncoding = 4; lastKnownFileType = sourcecode.c.objc; path = HPGrowingTextView.m; sourceTree = "<group>"; };
		15FF0F5618648E800086D559 /* HPTextViewInternal.h */ = {isa = PBXFileReference; fileEncoding = 4; lastKnownFileType = sourcecode.c.h; path = HPTextViewInternal.h; sourceTree = "<group>"; };
		15FF0F5718648E800086D559 /* HPTextViewInternal.m */ = {isa = PBXFileReference; fileEncoding = 4; lastKnownFileType = sourcecode.c.objc; path = HPTextViewInternal.m; sourceTree = "<group>"; };
		15FF0F5B186490240086D559 /* MessageCell.h */ = {isa = PBXFileReference; fileEncoding = 4; lastKnownFileType = sourcecode.c.h; path = MessageCell.h; sourceTree = "<group>"; };
		15FF0F5C186490240086D559 /* MessageCell.m */ = {isa = PBXFileReference; fileEncoding = 4; lastKnownFileType = sourcecode.c.objc; path = MessageCell.m; sourceTree = "<group>"; };
		15FF0F5D186490240086D559 /* MessageCell.xib */ = {isa = PBXFileReference; fileEncoding = 4; lastKnownFileType = file.xib; path = MessageCell.xib; sourceTree = "<group>"; };
		15FF0F5E186490240086D559 /* NetWorkConnection.h */ = {isa = PBXFileReference; fileEncoding = 4; lastKnownFileType = sourcecode.c.h; path = NetWorkConnection.h; sourceTree = "<group>"; };
		15FF0F5F186490240086D559 /* NetWorkConnection.m */ = {isa = PBXFileReference; fileEncoding = 4; lastKnownFileType = sourcecode.c.objc; path = NetWorkConnection.m; sourceTree = "<group>"; };
		15FF0F60186490240086D559 /* NSString+Emoji.h */ = {isa = PBXFileReference; fileEncoding = 4; lastKnownFileType = sourcecode.c.h; path = "NSString+Emoji.h"; sourceTree = "<group>"; };
		15FF0F61186490240086D559 /* NSString+Emoji.m */ = {isa = PBXFileReference; fileEncoding = 4; lastKnownFileType = sourcecode.c.objc; path = "NSString+Emoji.m"; sourceTree = "<group>"; };
		15FF0F62186490240086D559 /* NSString+Extensions.h */ = {isa = PBXFileReference; fileEncoding = 4; lastKnownFileType = sourcecode.c.h; path = "NSString+Extensions.h"; sourceTree = "<group>"; };
		15FF0F63186490240086D559 /* NSString+Extensions.m */ = {isa = PBXFileReference; fileEncoding = 4; lastKnownFileType = sourcecode.c.objc; path = "NSString+Extensions.m"; sourceTree = "<group>"; };
		15FF0F64186490240086D559 /* UIImage+Extensions.h */ = {isa = PBXFileReference; fileEncoding = 4; lastKnownFileType = sourcecode.c.h; path = "UIImage+Extensions.h"; sourceTree = "<group>"; };
		15FF0F65186490240086D559 /* UIImage+Extensions.m */ = {isa = PBXFileReference; fileEncoding = 4; lastKnownFileType = sourcecode.c.objc; path = "UIImage+Extensions.m"; sourceTree = "<group>"; };
		15FF0F67186490240086D559 /* UILabel+Extensions.h */ = {isa = PBXFileReference; fileEncoding = 4; lastKnownFileType = sourcecode.c.h; path = "UILabel+Extensions.h"; sourceTree = "<group>"; };
		15FF0F68186490240086D559 /* UILabel+Extensions.m */ = {isa = PBXFileReference; fileEncoding = 4; lastKnownFileType = sourcecode.c.objc; path = "UILabel+Extensions.m"; sourceTree = "<group>"; };
		15FF0F71186490D70086D559 /* ActivityDetailViewController.h */ = {isa = PBXFileReference; fileEncoding = 4; lastKnownFileType = sourcecode.c.h; path = ActivityDetailViewController.h; sourceTree = "<group>"; };
		15FF0F72186490D70086D559 /* ActivityDetailViewController.m */ = {isa = PBXFileReference; fileEncoding = 4; lastKnownFileType = sourcecode.c.objc; path = ActivityDetailViewController.m; sourceTree = "<group>"; };
		15FF0F73186490D70086D559 /* MainTabViewController.h */ = {isa = PBXFileReference; fileEncoding = 4; lastKnownFileType = sourcecode.c.h; path = MainTabViewController.h; sourceTree = "<group>"; };
		15FF0F74186490D70086D559 /* MainTabViewController.m */ = {isa = PBXFileReference; fileEncoding = 4; lastKnownFileType = sourcecode.c.objc; path = MainTabViewController.m; sourceTree = "<group>"; };
		15FF0F75186490D70086D559 /* PublishMessageViewController.h */ = {isa = PBXFileReference; fileEncoding = 4; lastKnownFileType = sourcecode.c.h; path = PublishMessageViewController.h; sourceTree = "<group>"; };
		15FF0F76186490D70086D559 /* PublishMessageViewController.m */ = {isa = PBXFileReference; fileEncoding = 4; lastKnownFileType = sourcecode.c.objc; path = PublishMessageViewController.m; sourceTree = "<group>"; };
		15FF0F77186490D70086D559 /* SelectAreaViewController.h */ = {isa = PBXFileReference; fileEncoding = 4; lastKnownFileType = sourcecode.c.h; path = SelectAreaViewController.h; sourceTree = "<group>"; };
		15FF0F78186490D70086D559 /* SelectAreaViewController.m */ = {isa = PBXFileReference; fileEncoding = 4; lastKnownFileType = sourcecode.c.objc; path = SelectAreaViewController.m; sourceTree = "<group>"; };
		15FF0F79186490D70086D559 /* SpeakerDetailViewController.h */ = {isa = PBXFileReference; fileEncoding = 4; lastKnownFileType = sourcecode.c.h; path = SpeakerDetailViewController.h; sourceTree = "<group>"; };
		15FF0F7A186490D70086D559 /* SpeakerDetailViewController.m */ = {isa = PBXFileReference; fileEncoding = 4; lastKnownFileType = sourcecode.c.objc; path = SpeakerDetailViewController.m; sourceTree = "<group>"; };
		15FF0F8018649E160086D559 /* photo-gallery-right.png */ = {isa = PBXFileReference; lastKnownFileType = image.png; path = "photo-gallery-right.png"; sourceTree = "<group>"; };
		15FF0F8118649E160086D559 /* photo-gallery-left.png */ = {isa = PBXFileReference; lastKnownFileType = image.png; path = "photo-gallery-left.png"; sourceTree = "<group>"; };
		15FF0F841864C1D40086D559 /* photo-gallery-trashcan.png */ = {isa = PBXFileReference; lastKnownFileType = image.png; path = "photo-gallery-trashcan.png"; sourceTree = "<group>"; };
		371AA0B4ABDB49B1A103131D /* libPods.a */ = {isa = PBXFileReference; explicitFileType = archive.ar; includeInIndex = 0; path = libPods.a; sourceTree = BUILT_PRODUCTS_DIR; };
		522D7F291827BFBD00AF71F8 /* MicroSpeaker.app */ = {isa = PBXFileReference; explicitFileType = wrapper.application; includeInIndex = 0; path = MicroSpeaker.app; sourceTree = BUILT_PRODUCTS_DIR; };
		522D7F2C1827BFBD00AF71F8 /* UIKit.framework */ = {isa = PBXFileReference; lastKnownFileType = wrapper.framework; name = UIKit.framework; path = System/Library/Frameworks/UIKit.framework; sourceTree = SDKROOT; };
		522D7F2E1827BFBD00AF71F8 /* Foundation.framework */ = {isa = PBXFileReference; lastKnownFileType = wrapper.framework; name = Foundation.framework; path = System/Library/Frameworks/Foundation.framework; sourceTree = SDKROOT; };
		522D7F301827BFBD00AF71F8 /* CoreGraphics.framework */ = {isa = PBXFileReference; lastKnownFileType = wrapper.framework; name = CoreGraphics.framework; path = System/Library/Frameworks/CoreGraphics.framework; sourceTree = SDKROOT; };
		522D7F341827BFBD00AF71F8 /* MicroSpeaker-Info.plist */ = {isa = PBXFileReference; lastKnownFileType = text.plist.xml; path = "MicroSpeaker-Info.plist"; sourceTree = "<group>"; };
		522D7F361827BFBD00AF71F8 /* en */ = {isa = PBXFileReference; lastKnownFileType = text.plist.strings; name = en; path = en.lproj/InfoPlist.strings; sourceTree = "<group>"; };
		522D7F381827BFBD00AF71F8 /* main.m */ = {isa = PBXFileReference; lastKnownFileType = sourcecode.c.objc; path = main.m; sourceTree = "<group>"; };
		522D7F3A1827BFBD00AF71F8 /* MicroSpeaker-Prefix.pch */ = {isa = PBXFileReference; lastKnownFileType = sourcecode.c.h; path = "MicroSpeaker-Prefix.pch"; sourceTree = "<group>"; };
		522D7F3B1827BFBD00AF71F8 /* AppDelegate.h */ = {isa = PBXFileReference; lastKnownFileType = sourcecode.c.h; path = AppDelegate.h; sourceTree = "<group>"; };
		522D7F3C1827BFBD00AF71F8 /* AppDelegate.m */ = {isa = PBXFileReference; lastKnownFileType = sourcecode.c.objc; path = AppDelegate.m; sourceTree = "<group>"; };
		522D7F3E1827BFBD00AF71F8 /* Default.png */ = {isa = PBXFileReference; lastKnownFileType = image.png; path = Default.png; sourceTree = "<group>"; };
		522D7F401827BFBD00AF71F8 /* Default@2x.png */ = {isa = PBXFileReference; lastKnownFileType = image.png; path = "Default@2x.png"; sourceTree = "<group>"; };
		522D7F421827BFBD00AF71F8 /* Default-568h@2x.png */ = {isa = PBXFileReference; lastKnownFileType = image.png; path = "Default-568h@2x.png"; sourceTree = "<group>"; };
		522D7F451827BFBD00AF71F8 /* en */ = {isa = PBXFileReference; lastKnownFileType = file.storyboard; name = en; path = en.lproj/MainStoryboard.storyboard; sourceTree = "<group>"; };
		5245C490182D192600FF63F7 /* ImageIO.framework */ = {isa = PBXFileReference; lastKnownFileType = wrapper.framework; name = ImageIO.framework; path = System/Library/Frameworks/ImageIO.framework; sourceTree = SDKROOT; };
		529710C41827E1EB007DD4A5 /* QuartzCore.framework */ = {isa = PBXFileReference; lastKnownFileType = wrapper.framework; name = QuartzCore.framework; path = System/Library/Frameworks/QuartzCore.framework; sourceTree = SDKROOT; };
/* End PBXFileReference section */

/* Begin PBXFrameworksBuildPhase section */
		522D7F261827BFBD00AF71F8 /* Frameworks */ = {
			isa = PBXFrameworksBuildPhase;
			buildActionMask = 2147483647;
			files = (
				1508D0ED1869BACC0051A9E8 /* MapKit.framework in Frameworks */,
				1508D0E81869B20A0051A9E8 /* CoreLocation.framework in Frameworks */,
				15F691BC184C3FA2009986CD /* libz.dylib in Frameworks */,
				522D7F311827BFBD00AF71F8 /* CoreGraphics.framework in Frameworks */,
				15F691BA184C3F8D009986CD /* MobileCoreServices.framework in Frameworks */,
				15F691B8184C3F81009986CD /* SystemConfiguration.framework in Frameworks */,
				15F691B6184C3F61009986CD /* CFNetwork.framework in Frameworks */,
				156034DE1848DDEC00C237B0 /* ImageIO.framework in Frameworks */,
				529710C51827E1EB007DD4A5 /* QuartzCore.framework in Frameworks */,
				522D7F2D1827BFBD00AF71F8 /* UIKit.framework in Frameworks */,
				522D7F2F1827BFBD00AF71F8 /* Foundation.framework in Frameworks */,
				156034DD1848DD5700C237B0 /* SDWebImage.framework in Frameworks */,
				40892D520E8A4D1CA5146BC3 /* libPods.a in Frameworks */,
			);
			runOnlyForDeploymentPostprocessing = 0;
		};
/* End PBXFrameworksBuildPhase section */

/* Begin PBXGroup section */
		151C944C186596C1003634B1 /* QiniuSDK */ = {
			isa = PBXGroup;
			children = (
				151C944D186596C1003634B1 /* GTMBase64 */,
				151C9451186596C1003634B1 /* JSONKit */,
				151C9456186596C1003634B1 /* QiniuPutExtra.h */,
				151C9457186596C1003634B1 /* QiniuPutExtra.m */,
				151C9458186596C1003634B1 /* QiniuSimpleUploader.h */,
				151C9459186596C1003634B1 /* QiniuSimpleUploader.m */,
				151C945A186596C1003634B1 /* QiniuUploadDelegate.h */,
				151C945B186596C1003634B1 /* QiniuUtils.h */,
				151C945C186596C1003634B1 /* QiniuUtils.m */,
				151C94B818659FE8003634B1 /* QiniuPutPolicy.h */,
				151C94B918659FE8003634B1 /* QiniuPutPolicy.m */,
				151C94B718659FDE003634B1 /* QiniuConfig.h */,
			);
			path = QiniuSDK;
			sourceTree = "<group>";
		};
		151C944D186596C1003634B1 /* GTMBase64 */ = {
			isa = PBXGroup;
			children = (
				151C944E186596C1003634B1 /* GTMBase64.h */,
				151C944F186596C1003634B1 /* GTMBase64.m */,
				151C9450186596C1003634B1 /* GTMDefines.h */,
			);
			path = GTMBase64;
			sourceTree = "<group>";
		};
		151C9451186596C1003634B1 /* JSONKit */ = {
			isa = PBXGroup;
			children = (
				151C9453186596C1003634B1 /* JSONKit.h */,
				151C9454186596C1003634B1 /* JSONKit.m */,
			);
			path = JSONKit;
			sourceTree = "<group>";
		};
		1556605718704AA40037146E /* MHFBImageViewController */ = {
			isa = PBXGroup;
			children = (
				1556605818704AA40037146E /* MHFacebookImageViewer.h */,
				1556605918704AA40037146E /* MHFacebookImageViewer.m */,
				1556605A18704AA40037146E /* Resources */,
			);
			path = MHFBImageViewController;
			sourceTree = "<group>";
		};
		1556605A18704AA40037146E /* Resources */ = {
			isa = PBXGroup;
			children = (
				1556605B18704AA40037146E /* Done.png */,
				1556605C18704AA40037146E /* Done@2x.png */,
			);
			path = Resources;
			sourceTree = "<group>";
		};
		15DE498E185CA15200754EAC /* KxMenu */ = {
			isa = PBXGroup;
			children = (
				15DE498F185CA15200754EAC /* KxMenu.h */,
				15DE4990185CA15200754EAC /* KxMenu.m */,
			);
			path = KxMenu;
			sourceTree = "<group>";
		};
		15F094FF18464DE0004F3DAD /* FGallery */ = {
			isa = PBXGroup;
			children = (
				15FF0F841864C1D40086D559 /* photo-gallery-trashcan.png */,
				15FF0F8018649E160086D559 /* photo-gallery-right.png */,
				15FF0F8118649E160086D559 /* photo-gallery-left.png */,
				15F0950018464DE0004F3DAD /* FGalleryPhoto.h */,
				15F0950118464DE0004F3DAD /* FGalleryPhoto.m */,
				15F0950218464DE0004F3DAD /* FGalleryPhotoView.h */,
				15F0950318464DE0004F3DAD /* FGalleryPhotoView.m */,
				15F0950418464DE0004F3DAD /* FGalleryViewController.h */,
				15F0950518464DE0004F3DAD /* FGalleryViewController.m */,
			);
			path = FGallery;
			sourceTree = "<group>";
		};
		15F0950A18464F1A004F3DAD /* ThirdLibary */ = {
			isa = PBXGroup;
			children = (
				1556605718704AA40037146E /* MHFBImageViewController */,
				15FF0F5318648E800086D559 /* HPGrowingTextView */,
				15DE498E185CA15200754EAC /* KxMenu */,
				15FC29661855EC5700731A50 /* EmojiKeyBoard */,
				15F69198184C3F2C009986CD /* ASIHTTPRequest */,
				15F0952418464FF5004F3DAD /* MessagePaginator.h */,
				15F0952518464FF5004F3DAD /* MessagePaginator.m */,
				15F0950B18464F1A004F3DAD /* NMPaginator.h */,
				15F0950C18464F1A004F3DAD /* NMPaginator.m */,
				15F0950D18464F1A004F3DAD /* PullRefreshTableViewController.h */,
				15F0950E18464F1A004F3DAD /* PullRefreshTableViewController.m */,
			);
			path = ThirdLibary;
			sourceTree = "<group>";
		};
		15F0951418464FB2004F3DAD /* ClassModule */ = {
			isa = PBXGroup;
			children = (
				15F0951518464FB2004F3DAD /* ActivityModel.h */,
				15F0951618464FB2004F3DAD /* ActivityModel.m */,
				15F0951718464FB2004F3DAD /* AreaModel.h */,
				15F0951818464FB2004F3DAD /* AreaModel.m */,
				15F0951918464FB2004F3DAD /* LocationModel.h */,
				15F0951A18464FB2004F3DAD /* LocationModel.m */,
				15F0951B18464FB2004F3DAD /* MessageModel.h */,
				15F0951C18464FB2004F3DAD /* MessageModel.m */,
				15F0951D18464FB2004F3DAD /* UserModel.h */,
				15F0951E18464FB2004F3DAD /* UserModel.m */,
				152D83201852030400FE7FCE /* CommentModel.h */,
				152D83211852030400FE7FCE /* CommentModel.m */,
				15DE498B185C8B6800754EAC /* UserInfoModel.h */,
				15DE498C185C8B6800754EAC /* UserInfoModel.m */,
				1539042918759EDF00F8FB6D /* CommerceTypeModel.h */,
				1539042A18759EDF00F8FB6D /* CommerceTypeModel.m */,
			);
			path = ClassModule;
			sourceTree = "<group>";
		};
		15F69198184C3F2C009986CD /* ASIHTTPRequest */ = {
			isa = PBXGroup;
			children = (
				15F691BD184C42FF009986CD /* Reachability.h */,
				15F691BE184C42FF009986CD /* Reachability.m */,
				15F69199184C3F2C009986CD /* ASIAuthenticationDialog.h */,
				15F6919A184C3F2C009986CD /* ASIAuthenticationDialog.m */,
				15F6919B184C3F2C009986CD /* ASICacheDelegate.h */,
				15F6919C184C3F2C009986CD /* ASIDataCompressor.h */,
				15F6919D184C3F2C009986CD /* ASIDataCompressor.m */,
				15F6919E184C3F2C009986CD /* ASIDataDecompressor.h */,
				15F6919F184C3F2C009986CD /* ASIDataDecompressor.m */,
				15F691A0184C3F2C009986CD /* ASIDownloadCache.h */,
				15F691A1184C3F2C009986CD /* ASIDownloadCache.m */,
				15F691A2184C3F2C009986CD /* ASIFormDataRequest.h */,
				15F691A3184C3F2C009986CD /* ASIFormDataRequest.m */,
				15F691A4184C3F2C009986CD /* ASIHTTPRequest.h */,
				15F691A5184C3F2C009986CD /* ASIHTTPRequest.m */,
				15F691A6184C3F2C009986CD /* ASIHTTPRequestConfig.h */,
				15F691A7184C3F2C009986CD /* ASIHTTPRequestDelegate.h */,
				15F691A8184C3F2C009986CD /* ASIInputStream.h */,
				15F691A9184C3F2C009986CD /* ASIInputStream.m */,
				15F691AA184C3F2C009986CD /* ASINetworkQueue.h */,
				15F691AB184C3F2C009986CD /* ASINetworkQueue.m */,
				15F691AC184C3F2C009986CD /* ASIProgressDelegate.h */,
			);
			path = ASIHTTPRequest;
			sourceTree = "<group>";
		};
		15FC29661855EC5700731A50 /* EmojiKeyBoard */ = {
			isa = PBXGroup;
			children = (
				15FC296F1855EDF900731A50 /* DDPageControl.h */,
				15FC29701855EDF900731A50 /* DDPageControl.m */,
				15FC29671855EC6B00731A50 /* EmojiKeyBoardView.h */,
				15FC29681855EC6B00731A50 /* EmojiKeyBoardView.m */,
				15FC29691855EC6B00731A50 /* EmojiPageView.h */,
				15FC296A1855EC6B00731A50 /* EmojiPageView.m */,
			);
			path = EmojiKeyBoard;
			sourceTree = "<group>";
		};
		15FC29721855F37F00731A50 /* Images */ = {
			isa = PBXGroup;
			children = (
				15FA7522185737C800C788A3 /* text.png */,
				15FA7523185737C800C788A3 /* text@2x.png */,
				15FA751E185737BE00C788A3 /* face.png */,
				15FA751F185737BE00C788A3 /* face@2x.png */,
				15FC29731855F37F00731A50 /* backspace_n.png */,
				15FC29741855F37F00731A50 /* backspace_n@2x.png */,
				15FC29751855F37F00731A50 /* bell_n.png */,
				15FC29761855F37F00731A50 /* bell_n@2x.png */,
				15FC29771855F37F00731A50 /* bell_s.png */,
				15FC29781855F37F00731A50 /* bell_s@2x.png */,
				15FC29791855F37F00731A50 /* car_n.png */,
				15FC297A1855F37F00731A50 /* car_n@2x.png */,
				15FC297B1855F37F00731A50 /* car_s.png */,
				15FC297C1855F37F00731A50 /* car_s@2x.png */,
				15FC297D1855F37F00731A50 /* characters_n.png */,
				15FC297E1855F37F00731A50 /* characters_n@2x.png */,
				15FC297F1855F37F00731A50 /* characters_s.png */,
				15FC29801855F37F00731A50 /* characters_s@2x.png */,
				15FC29811855F37F00731A50 /* corner_left.png */,
				15FC29821855F37F00731A50 /* corner_left@2x.png */,
				15FC29831855F37F00731A50 /* corner_right.png */,
				15FC29841855F37F00731A50 /* corner_right@2x.png */,
				15FC29851855F37F00731A50 /* face_n.png */,
				15FC29861855F37F00731A50 /* face_n@2x.png */,
				15FC29871855F37F00731A50 /* face_s.png */,
				15FC29881855F37F00731A50 /* face_s@2x.png */,
				15FC29891855F37F00731A50 /* flower_n.png */,
				15FC298A1855F37F00731A50 /* flower_n@2x.png */,
				15FC298B1855F37F00731A50 /* flower_s.png */,
				15FC298C1855F37F00731A50 /* flower_s@2x.png */,
				15FC298D1855F37F00731A50 /* icons_bg_separator.png */,
				15FC298E1855F37F00731A50 /* icons_bg_separator@2x.png */,
				15FC298F1855F37F00731A50 /* recent_n.png */,
				15FC29901855F37F00731A50 /* recent_n@2x.png */,
				15FC29911855F37F00731A50 /* recent_s.png */,
				15FC29921855F37F00731A50 /* recent_s@2x.png */,
				15FC29931855F37F00731A50 /* tab_bg.png */,
				15FC29941855F37F00731A50 /* tab_bg@2x.png */,
				15FC29951855F37F00731A50 /* unselected_center_bg.png */,
				15FC29961855F37F00731A50 /* unselected_center_bg@2x.png */,
			);
			path = Images;
			sourceTree = "<group>";
		};
		15FF0F5318648E800086D559 /* HPGrowingTextView */ = {
			isa = PBXGroup;
			children = (
				15FF0F5418648E800086D559 /* HPGrowingTextView.h */,
				15FF0F5518648E800086D559 /* HPGrowingTextView.m */,
				15FF0F5618648E800086D559 /* HPTextViewInternal.h */,
				15FF0F5718648E800086D559 /* HPTextViewInternal.m */,
			);
			path = HPGrowingTextView;
			sourceTree = "<group>";
		};
		15FF0F5A186490240086D559 /* CustomClass */ = {
			isa = PBXGroup;
			children = (
				1531E2C2186EB83600541A0B /* SimplePickerInputTableViewCell.h */,
				1531E2C3186EB83600541A0B /* SimplePickerInputTableViewCell.m */,
				1531E2BF186EB70000541A0B /* PickerInputTableViewCell.h */,
				1531E2C0186EB70000541A0B /* PickerInputTableViewCell.m */,
				1531E2B9186E923700541A0B /* DateInputTableViewCell.h */,
				1531E2BA186E923700541A0B /* DateInputTableViewCell.m */,
				1531E2B6186E8EF100541A0B /* StringInputTableViewCell.h */,
				1531E2B7186E8EF100541A0B /* StringInputTableViewCell.m */,
				15FF0F5B186490240086D559 /* MessageCell.h */,
				15FF0F5C186490240086D559 /* MessageCell.m */,
				15FF0F5D186490240086D559 /* MessageCell.xib */,
				15FF0F5E186490240086D559 /* NetWorkConnection.h */,
				15FF0F5F186490240086D559 /* NetWorkConnection.m */,
				15FF0F60186490240086D559 /* NSString+Emoji.h */,
				15FF0F61186490240086D559 /* NSString+Emoji.m */,
				15FF0F62186490240086D559 /* NSString+Extensions.h */,
				15FF0F63186490240086D559 /* NSString+Extensions.m */,
				15FF0F64186490240086D559 /* UIImage+Extensions.h */,
				15FF0F65186490240086D559 /* UIImage+Extensions.m */,
				15FF0F67186490240086D559 /* UILabel+Extensions.h */,
				15FF0F68186490240086D559 /* UILabel+Extensions.m */,
				1508D0E91869B2C00051A9E8 /* LocationHelper.h */,
				1508D0EA1869B2C00051A9E8 /* LocationHelper.mm */,
				15B220E91878533400597DA7 /* UIButton+Extensions.h */,
				15B220EA1878533400597DA7 /* UIButton+Extensions.m */,
			);
			path = CustomClass;
			sourceTree = "<group>";
		};
		15FF0F70186490D70086D559 /* ViewController */ = {
			isa = PBXGroup;
			children = (
				15018DDC186E838000DC8A51 /* PublishActivityViewController.h */,
				15018DDD186E838000DC8A51 /* PublishActivityViewController.m */,
				15FF0F79186490D70086D559 /* SpeakerDetailViewController.h */,
				15FF0F7A186490D70086D559 /* SpeakerDetailViewController.m */,
				15FF0F71186490D70086D559 /* ActivityDetailViewController.h */,
				15FF0F72186490D70086D559 /* ActivityDetailViewController.m */,
				15FF0F73186490D70086D559 /* MainTabViewController.h */,
				15FF0F74186490D70086D559 /* MainTabViewController.m */,
				15FF0F75186490D70086D559 /* PublishMessageViewController.h */,
				15FF0F76186490D70086D559 /* PublishMessageViewController.m */,
				15FF0F77186490D70086D559 /* SelectAreaViewController.h */,
				15FF0F78186490D70086D559 /* SelectAreaViewController.m */,
				153904261875918300F8FB6D /* PublishSaleViewController.h */,
				153904271875918300F8FB6D /* PublishSaleViewController.m */,
				1509FEEB18780D0A00F27A3C /* SaleDetailViewController.h */,
				1509FEEC18780D0A00F27A3C /* SaleDetailViewController.m */,
				1544C5891881944400BB9959 /* PublishBuyViewController.h */,
				1544C58A1881944400BB9959 /* PublishBuyViewController.m */,
			);
			path = ViewController;
			sourceTree = "<group>";
		};
		522D7F201827BFBD00AF71F8 = {
			isa = PBXGroup;
			children = (
				151C944C186596C1003634B1 /* QiniuSDK */,
				522D7F321827BFBD00AF71F8 /* MicroSpeaker */,
				522D7F2B1827BFBD00AF71F8 /* Frameworks */,
				522D7F2A1827BFBD00AF71F8 /* Products */,
				0ABFDA3C96D742A8AB2E0856 /* Pods.xcconfig */,
			);
			sourceTree = "<group>";
		};
		522D7F2A1827BFBD00AF71F8 /* Products */ = {
			isa = PBXGroup;
			children = (
				522D7F291827BFBD00AF71F8 /* MicroSpeaker.app */,
			);
			name = Products;
			sourceTree = "<group>";
		};
		522D7F2B1827BFBD00AF71F8 /* Frameworks */ = {
			isa = PBXGroup;
			children = (
				1508D0EC1869BACC0051A9E8 /* MapKit.framework */,
				1508D0E71869B20A0051A9E8 /* CoreLocation.framework */,
				15F691BB184C3FA2009986CD /* libz.dylib */,
				15F691B9184C3F8D009986CD /* MobileCoreServices.framework */,
				15F691B7184C3F81009986CD /* SystemConfiguration.framework */,
				15F691B5184C3F61009986CD /* CFNetwork.framework */,
				156034DC1848DD5700C237B0 /* SDWebImage.framework */,
				5245C490182D192600FF63F7 /* ImageIO.framework */,
				529710C41827E1EB007DD4A5 /* QuartzCore.framework */,
				522D7F2C1827BFBD00AF71F8 /* UIKit.framework */,
				522D7F2E1827BFBD00AF71F8 /* Foundation.framework */,
				522D7F301827BFBD00AF71F8 /* CoreGraphics.framework */,
				371AA0B4ABDB49B1A103131D /* libPods.a */,
			);
			name = Frameworks;
			sourceTree = "<group>";
		};
		522D7F321827BFBD00AF71F8 /* MicroSpeaker */ = {
			isa = PBXGroup;
			children = (
				1518E1E9184E08AA00172A14 /* MacroDefination.h */,
				15FF0F70186490D70086D559 /* ViewController */,
				15FF0F5A186490240086D559 /* CustomClass */,
				15F0951418464FB2004F3DAD /* ClassModule */,
				15F0950A18464F1A004F3DAD /* ThirdLibary */,
				15F094FF18464DE0004F3DAD /* FGallery */,
				522D7F3B1827BFBD00AF71F8 /* AppDelegate.h */,
				522D7F3C1827BFBD00AF71F8 /* AppDelegate.m */,
				522D7F441827BFBD00AF71F8 /* MainStoryboard.storyboard */,
				522D7F381827BFBD00AF71F8 /* main.m */,
				522D7F331827BFBD00AF71F8 /* Supporting Files */,
			);
			path = MicroSpeaker;
			sourceTree = "<group>";
		};
		522D7F331827BFBD00AF71F8 /* Supporting Files */ = {
			isa = PBXGroup;
			children = (
				15FC29721855F37F00731A50 /* Images */,
				15FC296D1855EC8A00731A50 /* EmojisList.plist */,
				150A3F63187D67B200AA74D6 /* vad_icon_location.png */,
				150A3F64187D67B200AA74D6 /* vad_icon_price.png */,
				150A3F69187D6A6200AA74D6 /* copy_phone_num.png */,
				1555CF51187C2D18008E2CF9 /* comment.png */,
				150A3F67187D684B00AA74D6 /* icon_sms.png */,
				1505C4E41863277F00AB7457 /* checked.png */,
				1505C4E51863277F00AB7457 /* checked@2x.png */,
				1505C4E61863277F00AB7457 /* unchecked.png */,
				1505C4E71863277F00AB7457 /* unchecked@2x.png */,
				1508C3A7185F251600AB6AE7 /* loadImage@2x.png */,
				154BDB0C1842235C0019E85F /* group_detail_menu_share.png */,
				15AD56431841F8E6007CF595 /* group_list_clock_src.png */,
				15AD56441841F8E6007CF595 /* group_list_location_src.png */,
				15AD56411841F876007CF595 /* time.png */,
				15AD563D1841E234007CF595 /* gender_boy_big.png */,
				15AD563E1841E234007CF595 /* gender_girl_big.png */,
				154B17FE182E1E7A00750C71 /* placeholder.png */,
				154B17FD182E1E7A00750C71 /* placeholder@2x.png */,
				522D7F341827BFBD00AF71F8 /* MicroSpeaker-Info.plist */,
				522D7F351827BFBD00AF71F8 /* InfoPlist.strings */,
				522D7F3A1827BFBD00AF71F8 /* MicroSpeaker-Prefix.pch */,
				522D7F3E1827BFBD00AF71F8 /* Default.png */,
				522D7F401827BFBD00AF71F8 /* Default@2x.png */,
				522D7F421827BFBD00AF71F8 /* Default-568h@2x.png */,
			);
			name = "Supporting Files";
			sourceTree = "<group>";
		};
/* End PBXGroup section */

/* Begin PBXNativeTarget section */
		522D7F281827BFBD00AF71F8 /* MicroSpeaker */ = {
			isa = PBXNativeTarget;
			buildConfigurationList = 522D7F4C1827BFBD00AF71F8 /* Build configuration list for PBXNativeTarget "MicroSpeaker" */;
			buildPhases = (
				8F0ADB55022641A2B928A7C9 /* Check Pods Manifest.lock */,
				522D7F261827BFBD00AF71F8 /* Frameworks */,
				522D7F271827BFBD00AF71F8 /* Resources */,
				365B5B68EC6446F8923A0AFC /* Copy Pods Resources */,
				522D7F251827BFBD00AF71F8 /* Sources */,
			);
			buildRules = (
			);
			dependencies = (
			);
			name = MicroSpeaker;
			productName = MicroSpeaker;
			productReference = 522D7F291827BFBD00AF71F8 /* MicroSpeaker.app */;
			productType = "com.apple.product-type.application";
		};
/* End PBXNativeTarget section */

/* Begin PBXProject section */
		522D7F211827BFBD00AF71F8 /* Project object */ = {
			isa = PBXProject;
			attributes = {
				LastUpgradeCheck = 0500;
				ORGANIZATIONNAME = yang;
			};
			buildConfigurationList = 522D7F241827BFBD00AF71F8 /* Build configuration list for PBXProject "MicroSpeaker" */;
			compatibilityVersion = "Xcode 3.2";
			developmentRegion = English;
			hasScannedForEncodings = 0;
			knownRegions = (
				en,
				"zh-Hans",
			);
			mainGroup = 522D7F201827BFBD00AF71F8;
			productRefGroup = 522D7F2A1827BFBD00AF71F8 /* Products */;
			projectDirPath = "";
			projectRoot = "";
			targets = (
				522D7F281827BFBD00AF71F8 /* MicroSpeaker */,
			);
		};
/* End PBXProject section */

/* Begin PBXResourcesBuildPhase section */
		522D7F271827BFBD00AF71F8 /* Resources */ = {
			isa = PBXResourcesBuildPhase;
			buildActionMask = 2147483647;
			files = (
				1505C4E91863277F00AB7457 /* checked@2x.png in Resources */,
				1556605E18704AA40037146E /* Done.png in Resources */,
				15FC29981855F37F00731A50 /* backspace_n@2x.png in Resources */,
				15FC29A81855F37F00731A50 /* corner_right@2x.png in Resources */,
				15AD563F1841E234007CF595 /* gender_boy_big.png in Resources */,
				154BDB0D1842235C0019E85F /* group_detail_menu_share.png in Resources */,
				522D7F371827BFBD00AF71F8 /* InfoPlist.strings in Resources */,
				15FC29A51855F37F00731A50 /* corner_left.png in Resources */,
				15FA7521185737BE00C788A3 /* face@2x.png in Resources */,
				522D7F3F1827BFBD00AF71F8 /* Default.png in Resources */,
				15FC29971855F37F00731A50 /* backspace_n.png in Resources */,
				15FC299B1855F37F00731A50 /* bell_s.png in Resources */,
				15FA7524185737C800C788A3 /* text.png in Resources */,
				150A3F6A187D6A6200AA74D6 /* copy_phone_num.png in Resources */,
				15FC29B91855F37F00731A50 /* unselected_center_bg.png in Resources */,
				15FC299A1855F37F00731A50 /* bell_n@2x.png in Resources */,
				15FC29A71855F37F00731A50 /* corner_right.png in Resources */,
				15FC299C1855F37F00731A50 /* bell_s@2x.png in Resources */,
				522D7F411827BFBD00AF71F8 /* Default@2x.png in Resources */,
				150A3F66187D67B200AA74D6 /* vad_icon_price.png in Resources */,
				1556605F18704AA40037146E /* Done@2x.png in Resources */,
				15FC29A11855F37F00731A50 /* characters_n.png in Resources */,
				15FC29991855F37F00731A50 /* bell_n.png in Resources */,
				15FC29AA1855F37F00731A50 /* face_n@2x.png in Resources */,
				15FC29B41855F37F00731A50 /* recent_n@2x.png in Resources */,
				1555CF52187C2D18008E2CF9 /* comment.png in Resources */,
				1505C4EB1863277F00AB7457 /* unchecked@2x.png in Resources */,
				15FC29AE1855F37F00731A50 /* flower_n@2x.png in Resources */,
				522D7F431827BFBD00AF71F8 /* Default-568h@2x.png in Resources */,
				15FC29A31855F37F00731A50 /* characters_s.png in Resources */,
				15FF0F6A186490240086D559 /* MessageCell.xib in Resources */,
				15FA7525185737C800C788A3 /* text@2x.png in Resources */,
				15FC29A91855F37F00731A50 /* face_n.png in Resources */,
				15FC296E1855EC8A00731A50 /* EmojisList.plist in Resources */,
				150A3F65187D67B200AA74D6 /* vad_icon_location.png in Resources */,
				15FC29B71855F37F00731A50 /* tab_bg.png in Resources */,
				15FC29B21855F37F00731A50 /* icons_bg_separator@2x.png in Resources */,
				15AD56451841F8E6007CF595 /* group_list_clock_src.png in Resources */,
				15FF0F8218649E160086D559 /* photo-gallery-right.png in Resources */,
				15FC29A21855F37F00731A50 /* characters_n@2x.png in Resources */,
				1505C4EA1863277F00AB7457 /* unchecked.png in Resources */,
				15FC29A41855F37F00731A50 /* characters_s@2x.png in Resources */,
				15FC29AB1855F37F00731A50 /* face_s.png in Resources */,
				15FC29A61855F37F00731A50 /* corner_left@2x.png in Resources */,
				15AD56401841E234007CF595 /* gender_girl_big.png in Resources */,
				15FC29A01855F37F00731A50 /* car_s@2x.png in Resources */,
				522D7F461827BFBD00AF71F8 /* MainStoryboard.storyboard in Resources */,
				15FC29B11855F37F00731A50 /* icons_bg_separator.png in Resources */,
				15FC29B31855F37F00731A50 /* recent_n.png in Resources */,
				15FA7520185737BE00C788A3 /* face.png in Resources */,
				15FC29B81855F37F00731A50 /* tab_bg@2x.png in Resources */,
				15FC299F1855F37F00731A50 /* car_s.png in Resources */,
				1508C3A8185F251600AB6AE7 /* loadImage@2x.png in Resources */,
				15FC299E1855F37F00731A50 /* car_n@2x.png in Resources */,
				15FC29AC1855F37F00731A50 /* face_s@2x.png in Resources */,
				15FC29AF1855F37F00731A50 /* flower_s.png in Resources */,
				154B17FF182E1E7A00750C71 /* placeholder@2x.png in Resources */,
				15FC29AD1855F37F00731A50 /* flower_n.png in Resources */,
				15FF0F8318649E160086D559 /* photo-gallery-left.png in Resources */,
				150A3F68187D684B00AA74D6 /* icon_sms.png in Resources */,
				15FF0F851864C1D40086D559 /* photo-gallery-trashcan.png in Resources */,
				15FC29B51855F37F00731A50 /* recent_s.png in Resources */,
				15AD56421841F876007CF595 /* time.png in Resources */,
				154B1800182E1E7A00750C71 /* placeholder.png in Resources */,
				15AD56461841F8E6007CF595 /* group_list_location_src.png in Resources */,
				15FC299D1855F37F00731A50 /* car_n.png in Resources */,
				1505C4E81863277F00AB7457 /* checked.png in Resources */,
				15FC29B01855F37F00731A50 /* flower_s@2x.png in Resources */,
				15FC29BA1855F37F00731A50 /* unselected_center_bg@2x.png in Resources */,
				15FC29B61855F37F00731A50 /* recent_s@2x.png in Resources */,
			);
			runOnlyForDeploymentPostprocessing = 0;
		};
/* End PBXResourcesBuildPhase section */

/* Begin PBXShellScriptBuildPhase section */
		365B5B68EC6446F8923A0AFC /* Copy Pods Resources */ = {
			isa = PBXShellScriptBuildPhase;
			buildActionMask = 2147483647;
			files = (
			);
			inputPaths = (
			);
			name = "Copy Pods Resources";
			outputPaths = (
			);
			runOnlyForDeploymentPostprocessing = 0;
			shellPath = /bin/sh;
			shellScript = "\"${SRCROOT}/Pods/Pods-resources.sh\"\n";
			showEnvVarsInLog = 0;
		};
		8F0ADB55022641A2B928A7C9 /* Check Pods Manifest.lock */ = {
			isa = PBXShellScriptBuildPhase;
			buildActionMask = 2147483647;
			files = (
			);
			inputPaths = (
			);
			name = "Check Pods Manifest.lock";
			outputPaths = (
			);
			runOnlyForDeploymentPostprocessing = 0;
			shellPath = /bin/sh;
			shellScript = "diff \"${PODS_ROOT}/../Podfile.lock\" \"${PODS_ROOT}/Manifest.lock\" > /dev/null\nif [[ $? != 0 ]] ; then\n    cat << EOM\nerror: The sandbox is not in sync with the Podfile.lock. Run 'pod install' or update your CocoaPods installation.\nEOM\n    exit 1\nfi\n";
			showEnvVarsInLog = 0;
		};
/* End PBXShellScriptBuildPhase section */

/* Begin PBXSourcesBuildPhase section */
		522D7F251827BFBD00AF71F8 /* Sources */ = {
			isa = PBXSourcesBuildPhase;
			buildActionMask = 2147483647;
			files = (
				1531E2C1186EB70000541A0B /* PickerInputTableViewCell.m in Sources */,
				15FF0F5818648E800086D559 /* HPGrowingTextView.m in Sources */,
				151C9461186596C1003634B1 /* QiniuPutExtra.m in Sources */,
				15F691B1184C3F2C009986CD /* ASIFormDataRequest.m in Sources */,
				156034E01848DE4300C237B0 /* main.m in Sources */,
				15FF0F6E186490240086D559 /* UIImage+Extensions.m in Sources */,
				151C94BA18659FE8003634B1 /* QiniuPutPolicy.m in Sources */,
				156034DF1848DE0100C237B0 /* AppDelegate.m in Sources */,
				15FF0F5918648E800086D559 /* HPTextViewInternal.m in Sources */,
				1509FEED18780D0A00F27A3C /* SaleDetailViewController.m in Sources */,
				156034DA1848DC7A00C237B0 /* AreaModel.m in Sources */,
				15DE498D185C8B6800754EAC /* UserInfoModel.m in Sources */,
				15FF0F7B186490D70086D559 /* ActivityDetailViewController.m in Sources */,
				1539042B18759EDF00F8FB6D /* CommerceTypeModel.m in Sources */,
				156034D91848DC7600C237B0 /* PullRefreshTableViewController.m in Sources */,
				15FF0F7C186490D70086D559 /* MainTabViewController.m in Sources */,
				15FF0F7F186490D70086D559 /* SpeakerDetailViewController.m in Sources */,
				156034D81848DC7200C237B0 /* NMPaginator.m in Sources */,
				151C945D186596C1003634B1 /* GTMBase64.m in Sources */,
				15018DDE186E838000DC8A51 /* PublishActivityViewController.m in Sources */,
				15FF0F7D186490D70086D559 /* PublishMessageViewController.m in Sources */,
				15B220EB1878533400597DA7 /* UIButton+Extensions.m in Sources */,
				15F691AE184C3F2C009986CD /* ASIDataCompressor.m in Sources */,
				1531E2C4186EB83600541A0B /* SimplePickerInputTableViewCell.m in Sources */,
				15FF0F7E186490D70086D559 /* SelectAreaViewController.m in Sources */,
				156034D21848DC2D00C237B0 /* FGalleryViewController.m in Sources */,
				151C9462186596C1003634B1 /* QiniuSimpleUploader.m in Sources */,
				151C945F186596C1003634B1 /* JSONKit.m in Sources */,
				1531E2B8186E8EF100541A0B /* StringInputTableViewCell.m in Sources */,
				15F691B3184C3F2C009986CD /* ASIInputStream.m in Sources */,
				156034D11848DC2900C237B0 /* FGalleryPhotoView.m in Sources */,
				1544C58B1881944400BB9959 /* PublishBuyViewController.m in Sources */,
				15FF0F6D186490240086D559 /* NSString+Extensions.m in Sources */,
				15DE4991185CA15200754EAC /* KxMenu.m in Sources */,
				15FC29711855EDF900731A50 /* DDPageControl.m in Sources */,
				15F691B0184C3F2C009986CD /* ASIDownloadCache.m in Sources */,
				1556605D18704AA40037146E /* MHFacebookImageViewer.m in Sources */,
				156034D01848DC2500C237B0 /* FGalleryPhoto.m in Sources */,
				15FC296B1855EC6B00731A50 /* EmojiKeyBoardView.m in Sources */,
				156034CD1848DC1600C237B0 /* MessagePaginator.m in Sources */,
				15FF0F6B186490240086D559 /* NetWorkConnection.m in Sources */,
				15F691B2184C3F2C009986CD /* ASIHTTPRequest.m in Sources */,
				15FC296C1855EC6B00731A50 /* EmojiPageView.m in Sources */,
				156034CC1848DC1100C237B0 /* UserModel.m in Sources */,
				151C9463186596C1003634B1 /* QiniuUtils.m in Sources */,
				15F691AF184C3F2C009986CD /* ASIDataDecompressor.m in Sources */,
				156034CB1848DC0E00C237B0 /* MessageModel.m in Sources */,
				15F691BF184C42FF009986CD /* Reachability.m in Sources */,
				15F691B4184C3F2C009986CD /* ASINetworkQueue.m in Sources */,
				1531E2BB186E923700541A0B /* DateInputTableViewCell.m in Sources */,
				152D83221852030400FE7FCE /* CommentModel.m in Sources */,
				156034CA1848DC0A00C237B0 /* LocationModel.m in Sources */,
				15FF0F6F186490240086D559 /* UILabel+Extensions.m in Sources */,
				15F691AD184C3F2C009986CD /* ASIAuthenticationDialog.m in Sources */,
				1508D0EB1869B2C00051A9E8 /* LocationHelper.mm in Sources */,
				15FF0F69186490240086D559 /* MessageCell.m in Sources */,
				153904281875918300F8FB6D /* PublishSaleViewController.m in Sources */,
				156034C91848DC0400C237B0 /* ActivityModel.m in Sources */,
				15FF0F6C186490240086D559 /* NSString+Emoji.m in Sources */,
			);
			runOnlyForDeploymentPostprocessing = 0;
		};
/* End PBXSourcesBuildPhase section */

/* Begin PBXVariantGroup section */
		522D7F351827BFBD00AF71F8 /* InfoPlist.strings */ = {
			isa = PBXVariantGroup;
			children = (
				522D7F361827BFBD00AF71F8 /* en */,
			);
			name = InfoPlist.strings;
			sourceTree = "<group>";
		};
		522D7F441827BFBD00AF71F8 /* MainStoryboard.storyboard */ = {
			isa = PBXVariantGroup;
			children = (
				522D7F451827BFBD00AF71F8 /* en */,
			);
			name = MainStoryboard.storyboard;
			sourceTree = "<group>";
		};
/* End PBXVariantGroup section */

/* Begin XCBuildConfiguration section */
		522D7F4A1827BFBD00AF71F8 /* Debug */ = {
			isa = XCBuildConfiguration;
			buildSettings = {
				ALWAYS_SEARCH_USER_PATHS = NO;
				CLANG_CXX_LANGUAGE_STANDARD = "gnu++0x";
				CLANG_CXX_LIBRARY = "libc++";
				CLANG_ENABLE_OBJC_ARC = YES;
				CLANG_WARN_CONSTANT_CONVERSION = YES;
				CLANG_WARN_EMPTY_BODY = YES;
				CLANG_WARN_ENUM_CONVERSION = YES;
				CLANG_WARN_INT_CONVERSION = YES;
				CLANG_WARN__DUPLICATE_METHOD_MATCH = YES;
				CODE_SIGN_IDENTITY = "iPhone Developer";
				"CODE_SIGN_IDENTITY[sdk=*]" = "iPhone Developer";
				COPY_PHASE_STRIP = NO;
				GCC_C_LANGUAGE_STANDARD = gnu99;
				GCC_DYNAMIC_NO_PIC = NO;
				GCC_OPTIMIZATION_LEVEL = 0;
				GCC_PREPROCESSOR_DEFINITIONS = (
					"DEBUG=1",
					"$(inherited)",
				);
				GCC_SYMBOLS_PRIVATE_EXTERN = NO;
				GCC_WARN_ABOUT_RETURN_TYPE = YES;
				GCC_WARN_UNINITIALIZED_AUTOS = YES;
				GCC_WARN_UNUSED_VARIABLE = YES;
				IPHONEOS_DEPLOYMENT_TARGET = 6.1;
				ONLY_ACTIVE_ARCH = YES;
				SDKROOT = iphoneos;
			};
			name = Debug;
		};
		522D7F4B1827BFBD00AF71F8 /* Release */ = {
			isa = XCBuildConfiguration;
			buildSettings = {
				ALWAYS_SEARCH_USER_PATHS = NO;
				CLANG_CXX_LANGUAGE_STANDARD = "gnu++0x";
				CLANG_CXX_LIBRARY = "libc++";
				CLANG_ENABLE_OBJC_ARC = YES;
				CLANG_WARN_CONSTANT_CONVERSION = YES;
				CLANG_WARN_EMPTY_BODY = YES;
				CLANG_WARN_ENUM_CONVERSION = YES;
				CLANG_WARN_INT_CONVERSION = YES;
				CLANG_WARN__DUPLICATE_METHOD_MATCH = YES;
				CODE_SIGN_IDENTITY = "iPhone Developer";
				"CODE_SIGN_IDENTITY[sdk=iphoneos*]" = "iPhone Developer";
				COPY_PHASE_STRIP = YES;
				GCC_C_LANGUAGE_STANDARD = gnu99;
				GCC_WARN_ABOUT_RETURN_TYPE = YES;
				GCC_WARN_UNINITIALIZED_AUTOS = YES;
				GCC_WARN_UNUSED_VARIABLE = YES;
				IPHONEOS_DEPLOYMENT_TARGET = 6.1;
				OTHER_CFLAGS = "-DNS_BLOCK_ASSERTIONS=1";
				SDKROOT = iphoneos;
				VALIDATE_PRODUCT = YES;
			};
			name = Release;
		};
		522D7F4D1827BFBD00AF71F8 /* Debug */ = {
			isa = XCBuildConfiguration;
			baseConfigurationReference = 0ABFDA3C96D742A8AB2E0856 /* Pods.xcconfig */;
			buildSettings = {
				CODE_SIGN_IDENTITY = "iPhone Developer";
				FRAMEWORK_SEARCH_PATHS = /Users/wy/MicroSpeaker;
				GCC_PRECOMPILE_PREFIX_HEADER = YES;
				GCC_PREFIX_HEADER = "MicroSpeaker/MicroSpeaker-Prefix.pch";
				INFOPLIST_FILE = "MicroSpeaker/MicroSpeaker-Info.plist";
				IPHONEOS_DEPLOYMENT_TARGET = 6.1;
				LIBRARY_SEARCH_PATHS = "$(inherited)";
				OTHER_LDFLAGS = "-ObjC";
				PRODUCT_NAME = "$(TARGET_NAME)";
				SDKROOT = iphoneos;
				WRAPPER_EXTENSION = app;
			};
			name = Debug;
		};
		522D7F4E1827BFBD00AF71F8 /* Release */ = {
			isa = XCBuildConfiguration;
			baseConfigurationReference = 0ABFDA3C96D742A8AB2E0856 /* Pods.xcconfig */;
			buildSettings = {
				CODE_SIGN_IDENTITY = "iPhone Developer";
				FRAMEWORK_SEARCH_PATHS = /Users/wy/MicroSpeaker;
				GCC_PRECOMPILE_PREFIX_HEADER = YES;
				GCC_PREFIX_HEADER = "MicroSpeaker/MicroSpeaker-Prefix.pch";
				INFOPLIST_FILE = "MicroSpeaker/MicroSpeaker-Info.plist";
				IPHONEOS_DEPLOYMENT_TARGET = 6.1;
				LIBRARY_SEARCH_PATHS = "$(inherited)";
				OTHER_LDFLAGS = "-ObjC";
				PRODUCT_NAME = "$(TARGET_NAME)";
				SDKROOT = iphoneos;
				WRAPPER_EXTENSION = app;
			};
			name = Release;
		};
/* End XCBuildConfiguration section */

/* Begin XCConfigurationList section */
		522D7F241827BFBD00AF71F8 /* Build configuration list for PBXProject "MicroSpeaker" */ = {
			isa = XCConfigurationList;
			buildConfigurations = (
				522D7F4A1827BFBD00AF71F8 /* Debug */,
				522D7F4B1827BFBD00AF71F8 /* Release */,
			);
			defaultConfigurationIsVisible = 0;
			defaultConfigurationName = Release;
		};
		522D7F4C1827BFBD00AF71F8 /* Build configuration list for PBXNativeTarget "MicroSpeaker" */ = {
			isa = XCConfigurationList;
			buildConfigurations = (
				522D7F4D1827BFBD00AF71F8 /* Debug */,
				522D7F4E1827BFBD00AF71F8 /* Release */,
			);
			defaultConfigurationIsVisible = 0;
			defaultConfigurationName = Release;
		};
/* End XCConfigurationList section */
	};
	rootObject = 522D7F211827BFBD00AF71F8 /* Project object */;
}
